PODS:
  - Alamofire (4.9.1)
  - ReachabilitySwift (5.0.0)
  - SDWebImage (5.10.4):
    - SDWebImage/Core (= 5.10.4)
  - SDWebImage/Core (5.10.4)

DEPENDENCIES:
  - Alamofire (~> 4.9.1)
  - ReachabilitySwift
  - SDWebImage (~> 5.0)

SPEC REPOS:
  trunk:
    - Alamofire
    - ReachabilitySwift
    - SDWebImage

SPEC CHECKSUMS:
  Alamofire: 85e8a02c69d6020a0d734f6054870d7ecb75cf18
  ReachabilitySwift: 985039c6f7b23a1da463388634119492ff86c825
  SDWebImage: c666b97e1fa9c64b4909816a903322018f0a9c84

PODFILE CHECKSUM: b22531c9d975016a928bc6feb9a2072f87cb88f4

COCOAPODS: 1.10.1
