// !$*UTF8*$!
{
	archiveVersion = 1;
	classes = {
	};
	objectVersion = 51;
	objects = {

/* Begin PBXBuildFile section */
		079610D9C6E16EB01C2210F5 /* Pods_SportApplication.framework in Frameworks */ = {isa = PBXBuildFile; fileRef = 69E1A1010278FF3860FDDEE3 /* Pods_SportApplication.framework */; };
		2B2FFDAE260AC22C00B98699 /* ApiServices.swift in Sources */ = {isa = PBXBuildFile; fileRef = 2B2FFDAD260AC22C00B98699 /* ApiServices.swift */; };
		2B2FFDBA260AC3BE00B98699 /* SportModel.swift in Sources */ = {isa = PBXBuildFile; fileRef = 2B2FFDB9260AC3BE00B98699 /* SportModel.swift */; };
		2B2FFDBF260AC4ED00B98699 /* ApiURLs.swift in Sources */ = {isa = PBXBuildFile; fileRef = 2B2FFDBE260AC4ED00B98699 /* ApiURLs.swift */; };
		2B2FFDCD260ADAA900B98699 /* Merriweather-Black.ttf in Resources */ = {isa = PBXBuildFile; fileRef = 2B2FFDCC260ADA3900B98699 /* Merriweather-Black.ttf */; };
		2B4D34662615082E009D60C4 /* FavoriteViewController+FavoriteLeagueTableViewDelegets.swift in Sources */ = {isa = PBXBuildFile; fileRef = 2B4D34652615082E009D60C4 /* FavoriteViewController+FavoriteLeagueTableViewDelegets.swift */; };
		2B4D346B26151157009D60C4 /* FavoritePresenter.swift in Sources */ = {isa = PBXBuildFile; fileRef = 2B4D346A26151157009D60C4 /* FavoritePresenter.swift */; };
		2B870D862606512200C47105 /* AppDelegate.swift in Sources */ = {isa = PBXBuildFile; fileRef = 2B870D852606512200C47105 /* AppDelegate.swift */; };
		2B870D882606512200C47105 /* SceneDelegate.swift in Sources */ = {isa = PBXBuildFile; fileRef = 2B870D872606512200C47105 /* SceneDelegate.swift */; };
		2B870D8D2606512200C47105 /* Main.storyboard in Resources */ = {isa = PBXBuildFile; fileRef = 2B870D8B2606512200C47105 /* Main.storyboard */; };
		2B870D902606512200C47105 /* SportApplication.xcdatamodeld in Sources */ = {isa = PBXBuildFile; fileRef = 2B870D8E2606512200C47105 /* SportApplication.xcdatamodeld */; };
		2B870D922606512200C47105 /* Assets.xcassets in Resources */ = {isa = PBXBuildFile; fileRef = 2B870D912606512200C47105 /* Assets.xcassets */; };
		2B870D952606512200C47105 /* LaunchScreen.storyboard in Resources */ = {isa = PBXBuildFile; fileRef = 2B870D932606512200C47105 /* LaunchScreen.storyboard */; };
		2B870DA02606512300C47105 /* SportApplicationTests.swift in Sources */ = {isa = PBXBuildFile; fileRef = 2B870D9F2606512300C47105 /* SportApplicationTests.swift */; };
		2B870DAB2606512300C47105 /* SportApplicationUITests.swift in Sources */ = {isa = PBXBuildFile; fileRef = 2B870DAA2606512300C47105 /* SportApplicationUITests.swift */; };
		2B870DD026065D8A00C47105 /* FavoriteViewController.swift in Sources */ = {isa = PBXBuildFile; fileRef = 2B870DCF26065D8A00C47105 /* FavoriteViewController.swift */; };
		2B870DD826065DC400C47105 /* HomeViewController.swift in Sources */ = {isa = PBXBuildFile; fileRef = 2B870DD726065DC400C47105 /* HomeViewController.swift */; };
		2B870DE72606650B00C47105 /* TeamDetailsViewController.swift in Sources */ = {isa = PBXBuildFile; fileRef = 2B870DE62606650B00C47105 /* TeamDetailsViewController.swift */; };
		2B870DEC2606656D00C47105 /* LeaguesDetailsViewController.swift in Sources */ = {isa = PBXBuildFile; fileRef = 2B870DEB2606656D00C47105 /* LeaguesDetailsViewController.swift */; };
		2B870DF12606659800C47105 /* LeaguesViewController.swift in Sources */ = {isa = PBXBuildFile; fileRef = 2B870DF02606659800C47105 /* LeaguesViewController.swift */; };
		2B88DAFD2613D9D30001C80B /* DescriptionTableViewCell.swift in Sources */ = {isa = PBXBuildFile; fileRef = 2B88DAFC2613D9D30001C80B /* DescriptionTableViewCell.swift */; };
		2B88DB0B2613DA990001C80B /* ImagesTableViewCell.swift in Sources */ = {isa = PBXBuildFile; fileRef = 2B88DB0A2613DA990001C80B /* ImagesTableViewCell.swift */; };
		2B88DB162613E7A10001C80B /* ContactsTableViewCell.swift in Sources */ = {isa = PBXBuildFile; fileRef = 2B88DB152613E7A10001C80B /* ContactsTableViewCell.swift */; };
		2B88DB1B2613F38D0001C80B /* TeamDetailsViewController+TeamTableViewDataDelegets.swift in Sources */ = {isa = PBXBuildFile; fileRef = 2B88DB1A2613F38D0001C80B /* TeamDetailsViewController+TeamTableViewDataDelegets.swift */; };
		2B964C8126161BA500812EE0 /* CoreData.swift in Sources */ = {isa = PBXBuildFile; fileRef = 2B964C8026161BA500812EE0 /* CoreData.swift */; };
		2B964C8926162D4900812EE0 /* SuperClass.swift in Sources */ = {isa = PBXBuildFile; fileRef = 2B964C8826162D4900812EE0 /* SuperClass.swift */; };
		2B9CAEA62611E05500AE3BE8 /* LeagueDetailsPresenter.swift in Sources */ = {isa = PBXBuildFile; fileRef = 2B9CAEA52611E05500AE3BE8 /* LeagueDetailsPresenter.swift */; };
		2B9CAEC926122E1600AE3BE8 /* LastEvent.swift in Sources */ = {isa = PBXBuildFile; fileRef = 2B9CAEC826122E1600AE3BE8 /* LastEvent.swift */; };
		2B9CAECE2612314B00AE3BE8 /* TeamDetails.swift in Sources */ = {isa = PBXBuildFile; fileRef = 2B9CAECD2612314B00AE3BE8 /* TeamDetails.swift */; };
		2BA253802610D1D100908E8D /* WebViewController.swift in Sources */ = {isa = PBXBuildFile; fileRef = 2BA2537F2610D1D100908E8D /* WebViewController.swift */; };
		2BC8E34F260D3A8800719B96 /* LeagueViewTableViewCell.swift in Sources */ = {isa = PBXBuildFile; fileRef = 2BC8E34E260D3A8800719B96 /* LeagueViewTableViewCell.swift */; };
		2BC8E354260D3B5E00719B96 /* LeaguesViewController+TableViewDelegates.swift in Sources */ = {isa = PBXBuildFile; fileRef = 2BC8E353260D3B5E00719B96 /* LeaguesViewController+TableViewDelegates.swift */; };
		2BCA84912611269600BA3FE8 /* UpcomingEventTableViewCell.swift in Sources */ = {isa = PBXBuildFile; fileRef = 2BCA84902611269600BA3FE8 /* UpcomingEventTableViewCell.swift */; };
		2BCA8496261126A900BA3FE8 /* LastEventTableViewCell.swift in Sources */ = {isa = PBXBuildFile; fileRef = 2BCA8495261126A900BA3FE8 /* LastEventTableViewCell.swift */; };
		2BCA849B261126B700BA3FE8 /* TeamsTableViewCell.swift in Sources */ = {isa = PBXBuildFile; fileRef = 2BCA849A261126B700BA3FE8 /* TeamsTableViewCell.swift */; };
		2BCA84A02611286F00BA3FE8 /* LeaguesDetailsViewController+LeaguesDetailsTableViewDelegets.swift in Sources */ = {isa = PBXBuildFile; fileRef = 2BCA849F2611286F00BA3FE8 /* LeaguesDetailsViewController+LeaguesDetailsTableViewDelegets.swift */; };
		2BCA84AA26112D2400BA3FE8 /* UpcomingCollectionViewCell.swift in Sources */ = {isa = PBXBuildFile; fileRef = 2BCA84A926112D2400BA3FE8 /* UpcomingCollectionViewCell.swift */; };
		2BCA84AF26112D3600BA3FE8 /* TeamCollectionViewCell.swift in Sources */ = {isa = PBXBuildFile; fileRef = 2BCA84AE26112D3600BA3FE8 /* TeamCollectionViewCell.swift */; };
		2BCA84B426112D4F00BA3FE8 /* LastTableViewCell.swift in Sources */ = {isa = PBXBuildFile; fileRef = 2BCA84B326112D4F00BA3FE8 /* LastTableViewCell.swift */; };
		2BCC82512609194B000EB543 /* MainColor.swift in Sources */ = {isa = PBXBuildFile; fileRef = 2BCC82502609194B000EB543 /* MainColor.swift */; };
		2BCC825926091BEC000EB543 /* HomeViewController+SportCollectionViewDelegates.swift in Sources */ = {isa = PBXBuildFile; fileRef = 2BCC825826091BEC000EB543 /* HomeViewController+SportCollectionViewDelegates.swift */; };
		2BCC825F26091C7F000EB543 /* SportCollectionViewCell.swift in Sources */ = {isa = PBXBuildFile; fileRef = 2BCC825E26091C7F000EB543 /* SportCollectionViewCell.swift */; };
		8807803E260CA84200432655 /* SportsPresenter.swift in Sources */ = {isa = PBXBuildFile; fileRef = 8807803D260CA84200432655 /* SportsPresenter.swift */; };
		88078073260D61AB00432655 /* LeguesPresenter.swift in Sources */ = {isa = PBXBuildFile; fileRef = 88078072260D61AB00432655 /* LeguesPresenter.swift */; };
		884CB4FE2614002400C9D481 /* ImageViewExtensions.swift in Sources */ = {isa = PBXBuildFile; fileRef = 884CB4FD2614002400C9D481 /* ImageViewExtensions.swift */; };
		884D8150260DFDC1003C7442 /* Legue.swift in Sources */ = {isa = PBXBuildFile; fileRef = 884D814F260DFDC1003C7442 /* Legue.swift */; };
		884D815E260E2733003C7442 /* LegueDetails.swift in Sources */ = {isa = PBXBuildFile; fileRef = 884D815D260E2733003C7442 /* LegueDetails.swift */; };
		884D817A260EA4D4003C7442 /* Ubuntu-Medium.ttf in Resources */ = {isa = PBXBuildFile; fileRef = 884D8177260EA4D4003C7442 /* Ubuntu-Medium.ttf */; };
		884D817B260EA4D4003C7442 /* Ubuntu-Light.ttf in Resources */ = {isa = PBXBuildFile; fileRef = 884D8178260EA4D4003C7442 /* Ubuntu-Light.ttf */; };
		884D817C260EA4D4003C7442 /* Ubuntu-Bold.ttf in Resources */ = {isa = PBXBuildFile; fileRef = 884D8179260EA4D4003C7442 /* Ubuntu-Bold.ttf */; };
		884D8189260EA7F0003C7442 /* JF-Flat-Regular.ttf in Resources */ = {isa = PBXBuildFile; fileRef = 884D8188260EA7F0003C7442 /* JF-Flat-Regular.ttf */; };
		884FF72C2615F55C007CE2D5 /* Alert.swift in Sources */ = {isa = PBXBuildFile; fileRef = 884FF72B2615F55C007CE2D5 /* Alert.swift */; };
		885721F7260F4FC900578E73 /* CountryLeague.swift in Sources */ = {isa = PBXBuildFile; fileRef = 885721F6260F4FC900578E73 /* CountryLeague.swift */; };
		885D55372610DC2200E1651A /* ActivityIndicator.swift in Sources */ = {isa = PBXBuildFile; fileRef = 885D55362610DC2200E1651A /* ActivityIndicator.swift */; };
		88D130AC2611F1C500E650A7 /* sportsStub.json in Resources */ = {isa = PBXBuildFile; fileRef = 88D130AB2611F1C500E650A7 /* sportsStub.json */; };
		88D130B12611F40E00E650A7 /* APIMockService.swift in Sources */ = {isa = PBXBuildFile; fileRef = 88D130B02611F40E00E650A7 /* APIMockService.swift */; };
		88D130B62611F75F00E650A7 /* APIServiceTest.swift in Sources */ = {isa = PBXBuildFile; fileRef = 88D130B52611F75F00E650A7 /* APIServiceTest.swift */; };
		88D130BE2611FD6200E650A7 /* CollectionViewsTest.swift in Sources */ = {isa = PBXBuildFile; fileRef = 88D130BD2611FD6200E650A7 /* CollectionViewsTest.swift */; };
		88D130C62611FFAD00E650A7 /* CollectionViewExtentions.swift in Sources */ = {isa = PBXBuildFile; fileRef = 88D130C52611FFAD00E650A7 /* CollectionViewExtentions.swift */; };
		BA1A55C13D1FDCCA0AA38500 /* Pods_SportApplication_SportApplicationUITests.framework in Frameworks */ = {isa = PBXBuildFile; fileRef = ED073738CD6884E8F4BBDB99 /* Pods_SportApplication_SportApplicationUITests.framework */; };
		E7C143970F387972828C05EB /* Pods_SportApplicationTests.framework in Frameworks */ = {isa = PBXBuildFile; fileRef = 56DDBC6AB592D4CBD7489233 /* Pods_SportApplicationTests.framework */; };
/* End PBXBuildFile section */

/* Begin PBXContainerItemProxy section */
		2B870D9C2606512300C47105 /* PBXContainerItemProxy */ = {
			isa = PBXContainerItemProxy;
			containerPortal = 2B870D7A2606512200C47105 /* Project object */;
			proxyType = 1;
			remoteGlobalIDString = 2B870D812606512200C47105;
			remoteInfo = SportApplication;
		};
		2B870DA72606512300C47105 /* PBXContainerItemProxy */ = {
			isa = PBXContainerItemProxy;
			containerPortal = 2B870D7A2606512200C47105 /* Project object */;
			proxyType = 1;
			remoteGlobalIDString = 2B870D812606512200C47105;
			remoteInfo = SportApplication;
		};
/* End PBXContainerItemProxy section */

/* Begin PBXFileReference section */
		034061A7CE59F9B7C306B64D /* Pods-SportApplicationTests.debug.xcconfig */ = {isa = PBXFileReference; includeInIndex = 1; lastKnownFileType = text.xcconfig; name = "Pods-SportApplicationTests.debug.xcconfig"; path = "Target Support Files/Pods-SportApplicationTests/Pods-SportApplicationTests.debug.xcconfig"; sourceTree = "<group>"; };
		24C201BCD7831C0456E629B6 /* Pods-SportApplication.release.xcconfig */ = {isa = PBXFileReference; includeInIndex = 1; lastKnownFileType = text.xcconfig; name = "Pods-SportApplication.release.xcconfig"; path = "Target Support Files/Pods-SportApplication/Pods-SportApplication.release.xcconfig"; sourceTree = "<group>"; };
		2527E913794336147A8EE78B /* Pods-SportApplication-SportApplicationUITests.debug.xcconfig */ = {isa = PBXFileReference; includeInIndex = 1; lastKnownFileType = text.xcconfig; name = "Pods-SportApplication-SportApplicationUITests.debug.xcconfig"; path = "Target Support Files/Pods-SportApplication-SportApplicationUITests/Pods-SportApplication-SportApplicationUITests.debug.xcconfig"; sourceTree = "<group>"; };
		2B2FFDAD260AC22C00B98699 /* ApiServices.swift */ = {isa = PBXFileReference; lastKnownFileType = sourcecode.swift; path = ApiServices.swift; sourceTree = "<group>"; };
		2B2FFDB9260AC3BE00B98699 /* SportModel.swift */ = {isa = PBXFileReference; lastKnownFileType = sourcecode.swift; path = SportModel.swift; sourceTree = "<group>"; };
		2B2FFDBE260AC4ED00B98699 /* ApiURLs.swift */ = {isa = PBXFileReference; lastKnownFileType = sourcecode.swift; path = ApiURLs.swift; sourceTree = "<group>"; };
		2B2FFDCC260ADA3900B98699 /* Merriweather-Black.ttf */ = {isa = PBXFileReference; lastKnownFileType = file; path = "Merriweather-Black.ttf"; sourceTree = "<group>"; };
		2B4D34652615082E009D60C4 /* FavoriteViewController+FavoriteLeagueTableViewDelegets.swift */ = {isa = PBXFileReference; lastKnownFileType = sourcecode.swift; path = "FavoriteViewController+FavoriteLeagueTableViewDelegets.swift"; sourceTree = "<group>"; };
		2B4D346A26151157009D60C4 /* FavoritePresenter.swift */ = {isa = PBXFileReference; lastKnownFileType = sourcecode.swift; path = FavoritePresenter.swift; sourceTree = "<group>"; };
		2B870D822606512200C47105 /* SportApplication.app */ = {isa = PBXFileReference; explicitFileType = wrapper.application; includeInIndex = 0; path = SportApplication.app; sourceTree = BUILT_PRODUCTS_DIR; };
		2B870D852606512200C47105 /* AppDelegate.swift */ = {isa = PBXFileReference; lastKnownFileType = sourcecode.swift; path = AppDelegate.swift; sourceTree = "<group>"; };
		2B870D872606512200C47105 /* SceneDelegate.swift */ = {isa = PBXFileReference; lastKnownFileType = sourcecode.swift; path = SceneDelegate.swift; sourceTree = "<group>"; };
		2B870D8C2606512200C47105 /* Base */ = {isa = PBXFileReference; lastKnownFileType = file.storyboard; name = Base; path = Base.lproj/Main.storyboard; sourceTree = "<group>"; };
		2B870D8F2606512200C47105 /* SportApplication.xcdatamodel */ = {isa = PBXFileReference; lastKnownFileType = wrapper.xcdatamodel; path = SportApplication.xcdatamodel; sourceTree = "<group>"; };
		2B870D912606512200C47105 /* Assets.xcassets */ = {isa = PBXFileReference; lastKnownFileType = folder.assetcatalog; path = Assets.xcassets; sourceTree = "<group>"; };
		2B870D942606512200C47105 /* Base */ = {isa = PBXFileReference; lastKnownFileType = file.storyboard; name = Base; path = Base.lproj/LaunchScreen.storyboard; sourceTree = "<group>"; };
		2B870D962606512300C47105 /* Info.plist */ = {isa = PBXFileReference; lastKnownFileType = text.plist.xml; path = Info.plist; sourceTree = "<group>"; };
		2B870D9B2606512300C47105 /* SportApplicationTests.xctest */ = {isa = PBXFileReference; explicitFileType = wrapper.cfbundle; includeInIndex = 0; path = SportApplicationTests.xctest; sourceTree = BUILT_PRODUCTS_DIR; };
		2B870D9F2606512300C47105 /* SportApplicationTests.swift */ = {isa = PBXFileReference; lastKnownFileType = sourcecode.swift; path = SportApplicationTests.swift; sourceTree = "<group>"; };
		2B870DA12606512300C47105 /* Info.plist */ = {isa = PBXFileReference; lastKnownFileType = text.plist.xml; path = Info.plist; sourceTree = "<group>"; };
		2B870DA62606512300C47105 /* SportApplicationUITests.xctest */ = {isa = PBXFileReference; explicitFileType = wrapper.cfbundle; includeInIndex = 0; path = SportApplicationUITests.xctest; sourceTree = BUILT_PRODUCTS_DIR; };
		2B870DAA2606512300C47105 /* SportApplicationUITests.swift */ = {isa = PBXFileReference; lastKnownFileType = sourcecode.swift; path = SportApplicationUITests.swift; sourceTree = "<group>"; };
		2B870DAC2606512300C47105 /* Info.plist */ = {isa = PBXFileReference; lastKnownFileType = text.plist.xml; path = Info.plist; sourceTree = "<group>"; };
		2B870DCF26065D8A00C47105 /* FavoriteViewController.swift */ = {isa = PBXFileReference; lastKnownFileType = sourcecode.swift; path = FavoriteViewController.swift; sourceTree = "<group>"; };
		2B870DD726065DC400C47105 /* HomeViewController.swift */ = {isa = PBXFileReference; lastKnownFileType = sourcecode.swift; path = HomeViewController.swift; sourceTree = "<group>"; };
		2B870DE62606650B00C47105 /* TeamDetailsViewController.swift */ = {isa = PBXFileReference; lastKnownFileType = sourcecode.swift; path = TeamDetailsViewController.swift; sourceTree = "<group>"; };
		2B870DEB2606656D00C47105 /* LeaguesDetailsViewController.swift */ = {isa = PBXFileReference; lastKnownFileType = sourcecode.swift; path = LeaguesDetailsViewController.swift; sourceTree = "<group>"; };
		2B870DF02606659800C47105 /* LeaguesViewController.swift */ = {isa = PBXFileReference; lastKnownFileType = sourcecode.swift; path = LeaguesViewController.swift; sourceTree = "<group>"; };
		2B88DAFC2613D9D30001C80B /* DescriptionTableViewCell.swift */ = {isa = PBXFileReference; lastKnownFileType = sourcecode.swift; path = DescriptionTableViewCell.swift; sourceTree = "<group>"; };
		2B88DB0A2613DA990001C80B /* ImagesTableViewCell.swift */ = {isa = PBXFileReference; lastKnownFileType = sourcecode.swift; path = ImagesTableViewCell.swift; sourceTree = "<group>"; };
		2B88DB152613E7A10001C80B /* ContactsTableViewCell.swift */ = {isa = PBXFileReference; lastKnownFileType = sourcecode.swift; path = ContactsTableViewCell.swift; sourceTree = "<group>"; };
		2B88DB1A2613F38D0001C80B /* TeamDetailsViewController+TeamTableViewDataDelegets.swift */ = {isa = PBXFileReference; lastKnownFileType = sourcecode.swift; path = "TeamDetailsViewController+TeamTableViewDataDelegets.swift"; sourceTree = "<group>"; };
		2B964C8026161BA500812EE0 /* CoreData.swift */ = {isa = PBXFileReference; lastKnownFileType = sourcecode.swift; path = CoreData.swift; sourceTree = "<group>"; };
		2B964C8826162D4900812EE0 /* SuperClass.swift */ = {isa = PBXFileReference; lastKnownFileType = sourcecode.swift; path = SuperClass.swift; sourceTree = "<group>"; };
		2B9CAEA52611E05500AE3BE8 /* LeagueDetailsPresenter.swift */ = {isa = PBXFileReference; lastKnownFileType = sourcecode.swift; path = LeagueDetailsPresenter.swift; sourceTree = "<group>"; };
		2B9CAEC826122E1600AE3BE8 /* LastEvent.swift */ = {isa = PBXFileReference; lastKnownFileType = sourcecode.swift; path = LastEvent.swift; sourceTree = "<group>"; };
		2B9CAECD2612314B00AE3BE8 /* TeamDetails.swift */ = {isa = PBXFileReference; lastKnownFileType = sourcecode.swift; path = TeamDetails.swift; sourceTree = "<group>"; };
		2BA2537F2610D1D100908E8D /* WebViewController.swift */ = {isa = PBXFileReference; lastKnownFileType = sourcecode.swift; path = WebViewController.swift; sourceTree = "<group>"; };
		2BC8E34E260D3A8800719B96 /* LeagueViewTableViewCell.swift */ = {isa = PBXFileReference; lastKnownFileType = sourcecode.swift; path = LeagueViewTableViewCell.swift; sourceTree = "<group>"; };
		2BC8E353260D3B5E00719B96 /* LeaguesViewController+TableViewDelegates.swift */ = {isa = PBXFileReference; lastKnownFileType = sourcecode.swift; path = "LeaguesViewController+TableViewDelegates.swift"; sourceTree = "<group>"; };
		2BCA84902611269600BA3FE8 /* UpcomingEventTableViewCell.swift */ = {isa = PBXFileReference; lastKnownFileType = sourcecode.swift; path = UpcomingEventTableViewCell.swift; sourceTree = "<group>"; };
		2BCA8495261126A900BA3FE8 /* LastEventTableViewCell.swift */ = {isa = PBXFileReference; lastKnownFileType = sourcecode.swift; path = LastEventTableViewCell.swift; sourceTree = "<group>"; };
		2BCA849A261126B700BA3FE8 /* TeamsTableViewCell.swift */ = {isa = PBXFileReference; lastKnownFileType = sourcecode.swift; path = TeamsTableViewCell.swift; sourceTree = "<group>"; };
		2BCA849F2611286F00BA3FE8 /* LeaguesDetailsViewController+LeaguesDetailsTableViewDelegets.swift */ = {isa = PBXFileReference; lastKnownFileType = sourcecode.swift; path = "LeaguesDetailsViewController+LeaguesDetailsTableViewDelegets.swift"; sourceTree = "<group>"; };
		2BCA84A926112D2400BA3FE8 /* UpcomingCollectionViewCell.swift */ = {isa = PBXFileReference; lastKnownFileType = sourcecode.swift; path = UpcomingCollectionViewCell.swift; sourceTree = "<group>"; };
		2BCA84AE26112D3600BA3FE8 /* TeamCollectionViewCell.swift */ = {isa = PBXFileReference; lastKnownFileType = sourcecode.swift; path = TeamCollectionViewCell.swift; sourceTree = "<group>"; };
		2BCA84B326112D4F00BA3FE8 /* LastTableViewCell.swift */ = {isa = PBXFileReference; lastKnownFileType = sourcecode.swift; path = LastTableViewCell.swift; sourceTree = "<group>"; };
		2BCC82502609194B000EB543 /* MainColor.swift */ = {isa = PBXFileReference; lastKnownFileType = sourcecode.swift; path = MainColor.swift; sourceTree = "<group>"; };
		2BCC825826091BEC000EB543 /* HomeViewController+SportCollectionViewDelegates.swift */ = {isa = PBXFileReference; lastKnownFileType = sourcecode.swift; path = "HomeViewController+SportCollectionViewDelegates.swift"; sourceTree = "<group>"; };
		2BCC825E26091C7F000EB543 /* SportCollectionViewCell.swift */ = {isa = PBXFileReference; lastKnownFileType = sourcecode.swift; path = SportCollectionViewCell.swift; sourceTree = "<group>"; };
		32ED5910DDBDE24A7B239F72 /* Pods-SportApplication-SportApplicationUITests.release.xcconfig */ = {isa = PBXFileReference; includeInIndex = 1; lastKnownFileType = text.xcconfig; name = "Pods-SportApplication-SportApplicationUITests.release.xcconfig"; path = "Target Support Files/Pods-SportApplication-SportApplicationUITests/Pods-SportApplication-SportApplicationUITests.release.xcconfig"; sourceTree = "<group>"; };
		50012E168F257DCF1ED51EDA /* Pods-SportApplicationTests.release.xcconfig */ = {isa = PBXFileReference; includeInIndex = 1; lastKnownFileType = text.xcconfig; name = "Pods-SportApplicationTests.release.xcconfig"; path = "Target Support Files/Pods-SportApplicationTests/Pods-SportApplicationTests.release.xcconfig"; sourceTree = "<group>"; };
		56DDBC6AB592D4CBD7489233 /* Pods_SportApplicationTests.framework */ = {isa = PBXFileReference; explicitFileType = wrapper.framework; includeInIndex = 0; path = Pods_SportApplicationTests.framework; sourceTree = BUILT_PRODUCTS_DIR; };
		69E1A1010278FF3860FDDEE3 /* Pods_SportApplication.framework */ = {isa = PBXFileReference; explicitFileType = wrapper.framework; includeInIndex = 0; path = Pods_SportApplication.framework; sourceTree = BUILT_PRODUCTS_DIR; };
		8807803D260CA84200432655 /* SportsPresenter.swift */ = {isa = PBXFileReference; lastKnownFileType = sourcecode.swift; path = SportsPresenter.swift; sourceTree = "<group>"; };
		88078072260D61AB00432655 /* LeguesPresenter.swift */ = {isa = PBXFileReference; lastKnownFileType = sourcecode.swift; path = LeguesPresenter.swift; sourceTree = "<group>"; };
		884CB4FD2614002400C9D481 /* ImageViewExtensions.swift */ = {isa = PBXFileReference; lastKnownFileType = sourcecode.swift; path = ImageViewExtensions.swift; sourceTree = "<group>"; };
		884D814F260DFDC1003C7442 /* Legue.swift */ = {isa = PBXFileReference; lastKnownFileType = sourcecode.swift; path = Legue.swift; sourceTree = "<group>"; };
		884D815D260E2733003C7442 /* LegueDetails.swift */ = {isa = PBXFileReference; lastKnownFileType = sourcecode.swift; path = LegueDetails.swift; sourceTree = "<group>"; };
		884D8177260EA4D4003C7442 /* Ubuntu-Medium.ttf */ = {isa = PBXFileReference; lastKnownFileType = file; path = "Ubuntu-Medium.ttf"; sourceTree = "<group>"; };
		884D8178260EA4D4003C7442 /* Ubuntu-Light.ttf */ = {isa = PBXFileReference; lastKnownFileType = file; path = "Ubuntu-Light.ttf"; sourceTree = "<group>"; };
		884D8179260EA4D4003C7442 /* Ubuntu-Bold.ttf */ = {isa = PBXFileReference; lastKnownFileType = file; path = "Ubuntu-Bold.ttf"; sourceTree = "<group>"; };
		884D8188260EA7F0003C7442 /* JF-Flat-Regular.ttf */ = {isa = PBXFileReference; lastKnownFileType = file; path = "JF-Flat-Regular.ttf"; sourceTree = "<group>"; };
		884FF72B2615F55C007CE2D5 /* Alert.swift */ = {isa = PBXFileReference; lastKnownFileType = sourcecode.swift; path = Alert.swift; sourceTree = "<group>"; };
		885721F6260F4FC900578E73 /* CountryLeague.swift */ = {isa = PBXFileReference; lastKnownFileType = sourcecode.swift; path = CountryLeague.swift; sourceTree = "<group>"; };
		885D55362610DC2200E1651A /* ActivityIndicator.swift */ = {isa = PBXFileReference; lastKnownFileType = sourcecode.swift; path = ActivityIndicator.swift; sourceTree = "<group>"; };
		88D130AB2611F1C500E650A7 /* sportsStub.json */ = {isa = PBXFileReference; lastKnownFileType = text.json; path = sportsStub.json; sourceTree = "<group>"; };
		88D130B02611F40E00E650A7 /* APIMockService.swift */ = {isa = PBXFileReference; lastKnownFileType = sourcecode.swift; path = APIMockService.swift; sourceTree = "<group>"; };
		88D130B52611F75F00E650A7 /* APIServiceTest.swift */ = {isa = PBXFileReference; lastKnownFileType = sourcecode.swift; path = APIServiceTest.swift; sourceTree = "<group>"; };
		88D130BD2611FD6200E650A7 /* CollectionViewsTest.swift */ = {isa = PBXFileReference; lastKnownFileType = sourcecode.swift; path = CollectionViewsTest.swift; sourceTree = "<group>"; };
		88D130C52611FFAD00E650A7 /* CollectionViewExtentions.swift */ = {isa = PBXFileReference; lastKnownFileType = sourcecode.swift; path = CollectionViewExtentions.swift; sourceTree = "<group>"; };
		ED073738CD6884E8F4BBDB99 /* Pods_SportApplication_SportApplicationUITests.framework */ = {isa = PBXFileReference; explicitFileType = wrapper.framework; includeInIndex = 0; path = Pods_SportApplication_SportApplicationUITests.framework; sourceTree = BUILT_PRODUCTS_DIR; };
		FF0FC751B9747CF1D0338D77 /* Pods-SportApplication.debug.xcconfig */ = {isa = PBXFileReference; includeInIndex = 1; lastKnownFileType = text.xcconfig; name = "Pods-SportApplication.debug.xcconfig"; path = "Target Support Files/Pods-SportApplication/Pods-SportApplication.debug.xcconfig"; sourceTree = "<group>"; };
/* End PBXFileReference section */

/* Begin PBXFrameworksBuildPhase section */
		2B870D7F2606512200C47105 /* Frameworks */ = {
			isa = PBXFrameworksBuildPhase;
			buildActionMask = 2147483647;
			files = (
				079610D9C6E16EB01C2210F5 /* Pods_SportApplication.framework in Frameworks */,
			);
			runOnlyForDeploymentPostprocessing = 0;
		};
		2B870D982606512300C47105 /* Frameworks */ = {
			isa = PBXFrameworksBuildPhase;
			buildActionMask = 2147483647;
			files = (
				E7C143970F387972828C05EB /* Pods_SportApplicationTests.framework in Frameworks */,
			);
			runOnlyForDeploymentPostprocessing = 0;
		};
		2B870DA32606512300C47105 /* Frameworks */ = {
			isa = PBXFrameworksBuildPhase;
			buildActionMask = 2147483647;
			files = (
				BA1A55C13D1FDCCA0AA38500 /* Pods_SportApplication_SportApplicationUITests.framework in Frameworks */,
			);
			runOnlyForDeploymentPostprocessing = 0;
		};
/* End PBXFrameworksBuildPhase section */

/* Begin PBXGroup section */
		0AFF996BF27BF87D6E5B981A /* Pods */ = {
			isa = PBXGroup;
			children = (
				FF0FC751B9747CF1D0338D77 /* Pods-SportApplication.debug.xcconfig */,
				24C201BCD7831C0456E629B6 /* Pods-SportApplication.release.xcconfig */,
				2527E913794336147A8EE78B /* Pods-SportApplication-SportApplicationUITests.debug.xcconfig */,
				32ED5910DDBDE24A7B239F72 /* Pods-SportApplication-SportApplicationUITests.release.xcconfig */,
				034061A7CE59F9B7C306B64D /* Pods-SportApplicationTests.debug.xcconfig */,
				50012E168F257DCF1ED51EDA /* Pods-SportApplicationTests.release.xcconfig */,
			);
			path = Pods;
			sourceTree = "<group>";
		};
		2B2FFDAC260AC20500B98699 /* Models */ = {
			isa = PBXGroup;
			children = (
				2B2FFDB9260AC3BE00B98699 /* SportModel.swift */,
				884D814F260DFDC1003C7442 /* Legue.swift */,
				884D815D260E2733003C7442 /* LegueDetails.swift */,
				885721F6260F4FC900578E73 /* CountryLeague.swift */,
				2B9CAEC826122E1600AE3BE8 /* LastEvent.swift */,
				2B9CAECD2612314B00AE3BE8 /* TeamDetails.swift */,
			);
			path = Models;
			sourceTree = "<group>";
		};
		2B2FFDB5260AC25700B98699 /* Network */ = {
			isa = PBXGroup;
			children = (
				2B2FFDAD260AC22C00B98699 /* ApiServices.swift */,
				2B2FFDBE260AC4ED00B98699 /* ApiURLs.swift */,
				88D130AB2611F1C500E650A7 /* sportsStub.json */,
				88D130B02611F40E00E650A7 /* APIMockService.swift */,
			);
			path = Network;
			sourceTree = "<group>";
		};
		2B870D792606512200C47105 = {
			isa = PBXGroup;
			children = (
				2B870D842606512200C47105 /* SportApplication */,
				2B870D9E2606512300C47105 /* SportApplicationTests */,
				2B870DA92606512300C47105 /* SportApplicationUITests */,
				2B870D832606512200C47105 /* Products */,
				0AFF996BF27BF87D6E5B981A /* Pods */,
				FAFCB318D3355DBD88B54673 /* Frameworks */,
			);
			sourceTree = "<group>";
		};
		2B870D832606512200C47105 /* Products */ = {
			isa = PBXGroup;
			children = (
				2B870D822606512200C47105 /* SportApplication.app */,
				2B870D9B2606512300C47105 /* SportApplicationTests.xctest */,
				2B870DA62606512300C47105 /* SportApplicationUITests.xctest */,
			);
			name = Products;
			sourceTree = "<group>";
		};
		2B870D842606512200C47105 /* SportApplication */ = {
			isa = PBXGroup;
			children = (
				885D55352610DC1500E1651A /* Utils */,
				2B870DBE2606516F00C47105 /* Delegate */,
				2B870DBF2606518400C47105 /* Assets */,
				2BCC824F260918B2000EB543 /* Styles */,
				2B2FFDB5260AC25700B98699 /* Network */,
				2B2FFDAC260AC20500B98699 /* Models */,
				8807803C260CA82C00432655 /* Presenter */,
				2B870DBC2606514400C47105 /* View */,
				2B870D962606512300C47105 /* Info.plist */,
				2B870D8E2606512200C47105 /* SportApplication.xcdatamodeld */,
			);
			path = SportApplication;
			sourceTree = "<group>";
		};
		2B870D9E2606512300C47105 /* SportApplicationTests */ = {
			isa = PBXGroup;
			children = (
				2B9CAED226124A3500AE3BE8 /* Test */,
				2B870D9F2606512300C47105 /* SportApplicationTests.swift */,
				2B870DA12606512300C47105 /* Info.plist */,
				88D130B52611F75F00E650A7 /* APIServiceTest.swift */,
				88D130BD2611FD6200E650A7 /* CollectionViewsTest.swift */,
			);
			path = SportApplicationTests;
			sourceTree = "<group>";
		};
		2B870DA92606512300C47105 /* SportApplicationUITests */ = {
			isa = PBXGroup;
			children = (
				2B870DAA2606512300C47105 /* SportApplicationUITests.swift */,
				2B870DAC2606512300C47105 /* Info.plist */,
			);
			path = SportApplicationUITests;
			sourceTree = "<group>";
		};
		2B870DBC2606514400C47105 /* View */ = {
			isa = PBXGroup;
			children = (
				2B870D8B2606512200C47105 /* Main.storyboard */,
				2B870D932606512200C47105 /* LaunchScreen.storyboard */,
				2BA2537E2610D1B200908E8D /* WebView */,
				2B870DC82606560600C47105 /* Home Controller */,
				2B870DC7260655E100C47105 /* Leagues Controller */,
				2BC8E333260D374900719B96 /* League Details */,
				2BC8E334260D376000719B96 /* Team Details */,
				2BC8E332260D373700719B96 /* Favorite */,
			);
			path = View;
			sourceTree = "<group>";
		};
		2B870DBE2606516F00C47105 /* Delegate */ = {
			isa = PBXGroup;
			children = (
				2B870D852606512200C47105 /* AppDelegate.swift */,
				2B870D872606512200C47105 /* SceneDelegate.swift */,
			);
			path = Delegate;
			sourceTree = "<group>";
		};
		2B870DBF2606518400C47105 /* Assets */ = {
			isa = PBXGroup;
			children = (
				2BAF9FC0260B5B01001E1A91 /* Fonts */,
				2B870D912606512200C47105 /* Assets.xcassets */,
			);
			path = Assets;
			sourceTree = "<group>";
		};
		2B870DC7260655E100C47105 /* Leagues Controller */ = {
			isa = PBXGroup;
			children = (
				2BC8E34D260D3A5900719B96 /* Cells */,
				2B870DF02606659800C47105 /* LeaguesViewController.swift */,
				2BC8E353260D3B5E00719B96 /* LeaguesViewController+TableViewDelegates.swift */,
			);
			path = "Leagues Controller";
			sourceTree = "<group>";
		};
		2B870DC82606560600C47105 /* Home Controller */ = {
			isa = PBXGroup;
			children = (
				2BCC825D26091C59000EB543 /* Cells */,
				2B870DD726065DC400C47105 /* HomeViewController.swift */,
				2BCC825826091BEC000EB543 /* HomeViewController+SportCollectionViewDelegates.swift */,
			);
			path = "Home Controller";
			sourceTree = "<group>";
		};
		2B88DAF22613D9A40001C80B /* Cells */ = {
			isa = PBXGroup;
			children = (
				2B88DB0A2613DA990001C80B /* ImagesTableViewCell.swift */,
				2B88DAFC2613D9D30001C80B /* DescriptionTableViewCell.swift */,
				2B88DB152613E7A10001C80B /* ContactsTableViewCell.swift */,
			);
			path = Cells;
			sourceTree = "<group>";
		};
		2B9CAED226124A3500AE3BE8 /* Test */ = {
			isa = PBXGroup;
			children = (
			);
			path = Test;
			sourceTree = "<group>";
		};
		2BA2537E2610D1B200908E8D /* WebView */ = {
			isa = PBXGroup;
			children = (
				2BA2537F2610D1D100908E8D /* WebViewController.swift */,
			);
			path = WebView;
			sourceTree = "<group>";
		};
		2BAF9FC0260B5B01001E1A91 /* Fonts */ = {
			isa = PBXGroup;
			children = (
				884D8188260EA7F0003C7442 /* JF-Flat-Regular.ttf */,
				884D8179260EA4D4003C7442 /* Ubuntu-Bold.ttf */,
				884D8178260EA4D4003C7442 /* Ubuntu-Light.ttf */,
				884D8177260EA4D4003C7442 /* Ubuntu-Medium.ttf */,
				2B2FFDCC260ADA3900B98699 /* Merriweather-Black.ttf */,
			);
			path = Fonts;
			sourceTree = "<group>";
		};
		2BC8E332260D373700719B96 /* Favorite */ = {
			isa = PBXGroup;
			children = (
				2B870DCF26065D8A00C47105 /* FavoriteViewController.swift */,
				2B4D34652615082E009D60C4 /* FavoriteViewController+FavoriteLeagueTableViewDelegets.swift */,
			);
			path = Favorite;
			sourceTree = "<group>";
		};
		2BC8E333260D374900719B96 /* League Details */ = {
			isa = PBXGroup;
			children = (
				2BCA848C2611220600BA3FE8 /* Cells */,
				2B870DEB2606656D00C47105 /* LeaguesDetailsViewController.swift */,
				2BCA849F2611286F00BA3FE8 /* LeaguesDetailsViewController+LeaguesDetailsTableViewDelegets.swift */,
			);
			path = "League Details";
			sourceTree = "<group>";
		};
		2BC8E334260D376000719B96 /* Team Details */ = {
			isa = PBXGroup;
			children = (
				2B88DAF22613D9A40001C80B /* Cells */,
				2B870DE62606650B00C47105 /* TeamDetailsViewController.swift */,
				2B88DB1A2613F38D0001C80B /* TeamDetailsViewController+TeamTableViewDataDelegets.swift */,
			);
			path = "Team Details";
			sourceTree = "<group>";
		};
		2BC8E34D260D3A5900719B96 /* Cells */ = {
			isa = PBXGroup;
			children = (
				2BC8E34E260D3A8800719B96 /* LeagueViewTableViewCell.swift */,
			);
			path = Cells;
			sourceTree = "<group>";
		};
		2BCA848C2611220600BA3FE8 /* Cells */ = {
			isa = PBXGroup;
			children = (
				2BCA84A726112CCB00BA3FE8 /* TableViewCells */,
				2BCA84A926112D2400BA3FE8 /* UpcomingCollectionViewCell.swift */,
				2BCA84B326112D4F00BA3FE8 /* LastTableViewCell.swift */,
				2BCA84AE26112D3600BA3FE8 /* TeamCollectionViewCell.swift */,
			);
			path = Cells;
			sourceTree = "<group>";
		};
		2BCA84A726112CCB00BA3FE8 /* TableViewCells */ = {
			isa = PBXGroup;
			children = (
				2BCA84902611269600BA3FE8 /* UpcomingEventTableViewCell.swift */,
				2BCA8495261126A900BA3FE8 /* LastEventTableViewCell.swift */,
				2BCA849A261126B700BA3FE8 /* TeamsTableViewCell.swift */,
			);
			path = TableViewCells;
			sourceTree = "<group>";
		};
		2BCC824F260918B2000EB543 /* Styles */ = {
			isa = PBXGroup;
			children = (
				2BCC82502609194B000EB543 /* MainColor.swift */,
			);
			path = Styles;
			sourceTree = "<group>";
		};
		2BCC825D26091C59000EB543 /* Cells */ = {
			isa = PBXGroup;
			children = (
				2BCC825E26091C7F000EB543 /* SportCollectionViewCell.swift */,
			);
			path = Cells;
			sourceTree = "<group>";
		};
		8807803C260CA82C00432655 /* Presenter */ = {
			isa = PBXGroup;
			children = (
				8807803D260CA84200432655 /* SportsPresenter.swift */,
				88078072260D61AB00432655 /* LeguesPresenter.swift */,
				2B9CAEA52611E05500AE3BE8 /* LeagueDetailsPresenter.swift */,
				2B4D346A26151157009D60C4 /* FavoritePresenter.swift */,
			);
			path = Presenter;
			sourceTree = "<group>";
		};
		885D55352610DC1500E1651A /* Utils */ = {
			isa = PBXGroup;
			children = (
				885D55362610DC2200E1651A /* ActivityIndicator.swift */,
				88D130C52611FFAD00E650A7 /* CollectionViewExtentions.swift */,
				884CB4FD2614002400C9D481 /* ImageViewExtensions.swift */,
				884FF72B2615F55C007CE2D5 /* Alert.swift */,
				2B964C8026161BA500812EE0 /* CoreData.swift */,
				2B964C8826162D4900812EE0 /* SuperClass.swift */,
			);
			path = Utils;
			sourceTree = "<group>";
		};
		FAFCB318D3355DBD88B54673 /* Frameworks */ = {
			isa = PBXGroup;
			children = (
				69E1A1010278FF3860FDDEE3 /* Pods_SportApplication.framework */,
				ED073738CD6884E8F4BBDB99 /* Pods_SportApplication_SportApplicationUITests.framework */,
				56DDBC6AB592D4CBD7489233 /* Pods_SportApplicationTests.framework */,
			);
			name = Frameworks;
			sourceTree = "<group>";
		};
/* End PBXGroup section */

/* Begin PBXNativeTarget section */
		2B870D812606512200C47105 /* SportApplication */ = {
			isa = PBXNativeTarget;
			buildConfigurationList = 2B870DAF2606512300C47105 /* Build configuration list for PBXNativeTarget "SportApplication" */;
			buildPhases = (
				29910A0E728BB77BB4FF7712 /* [CP] Check Pods Manifest.lock */,
				2B870D7E2606512200C47105 /* Sources */,
				2B870D7F2606512200C47105 /* Frameworks */,
				2B870D802606512200C47105 /* Resources */,
				78D8A29AC7253880B18F0726 /* [CP] Embed Pods Frameworks */,
			);
			buildRules = (
			);
			dependencies = (
			);
			name = SportApplication;
			productName = SportApplication;
			productReference = 2B870D822606512200C47105 /* SportApplication.app */;
			productType = "com.apple.product-type.application";
		};
		2B870D9A2606512300C47105 /* SportApplicationTests */ = {
			isa = PBXNativeTarget;
			buildConfigurationList = 2B870DB22606512300C47105 /* Build configuration list for PBXNativeTarget "SportApplicationTests" */;
			buildPhases = (
				9A40FD6D95DF4BDFC6F8029C /* [CP] Check Pods Manifest.lock */,
				2B870D972606512300C47105 /* Sources */,
				2B870D982606512300C47105 /* Frameworks */,
				2B870D992606512300C47105 /* Resources */,
			);
			buildRules = (
			);
			dependencies = (
				2B870D9D2606512300C47105 /* PBXTargetDependency */,
			);
			name = SportApplicationTests;
			productName = SportApplicationTests;
			productReference = 2B870D9B2606512300C47105 /* SportApplicationTests.xctest */;
			productType = "com.apple.product-type.bundle.unit-test";
		};
		2B870DA52606512300C47105 /* SportApplicationUITests */ = {
			isa = PBXNativeTarget;
			buildConfigurationList = 2B870DB52606512300C47105 /* Build configuration list for PBXNativeTarget "SportApplicationUITests" */;
			buildPhases = (
				72762BC9D9C021DC024BCB9A /* [CP] Check Pods Manifest.lock */,
				2B870DA22606512300C47105 /* Sources */,
				2B870DA32606512300C47105 /* Frameworks */,
				2B870DA42606512300C47105 /* Resources */,
				72B151D9941F028397357791 /* [CP] Embed Pods Frameworks */,
			);
			buildRules = (
			);
			dependencies = (
				2B870DA82606512300C47105 /* PBXTargetDependency */,
			);
			name = SportApplicationUITests;
			productName = SportApplicationUITests;
			productReference = 2B870DA62606512300C47105 /* SportApplicationUITests.xctest */;
			productType = "com.apple.product-type.bundle.ui-testing";
		};
/* End PBXNativeTarget section */

/* Begin PBXProject section */
		2B870D7A2606512200C47105 /* Project object */ = {
			isa = PBXProject;
			attributes = {
				LastSwiftUpdateCheck = 1230;
				LastUpgradeCheck = 1230;
				TargetAttributes = {
					2B870D812606512200C47105 = {
						CreatedOnToolsVersion = 12.3;
					};
					2B870D9A2606512300C47105 = {
						CreatedOnToolsVersion = 12.3;
						TestTargetID = 2B870D812606512200C47105;
					};
					2B870DA52606512300C47105 = {
						CreatedOnToolsVersion = 12.3;
						TestTargetID = 2B870D812606512200C47105;
					};
				};
			};
			buildConfigurationList = 2B870D7D2606512200C47105 /* Build configuration list for PBXProject "SportApplication" */;
			compatibilityVersion = "Xcode 9.3";
			developmentRegion = en;
			hasScannedForEncodings = 0;
			knownRegions = (
				en,
				Base,
			);
			mainGroup = 2B870D792606512200C47105;
			productRefGroup = 2B870D832606512200C47105 /* Products */;
			projectDirPath = "";
			projectRoot = "";
			targets = (
				2B870D812606512200C47105 /* SportApplication */,
				2B870D9A2606512300C47105 /* SportApplicationTests */,
				2B870DA52606512300C47105 /* SportApplicationUITests */,
			);
		};
/* End PBXProject section */

/* Begin PBXResourcesBuildPhase section */
		2B870D802606512200C47105 /* Resources */ = {
			isa = PBXResourcesBuildPhase;
			buildActionMask = 2147483647;
			files = (
				2B2FFDCD260ADAA900B98699 /* Merriweather-Black.ttf in Resources */,
				884D817A260EA4D4003C7442 /* Ubuntu-Medium.ttf in Resources */,
				88D130AC2611F1C500E650A7 /* sportsStub.json in Resources */,
				884D8189260EA7F0003C7442 /* JF-Flat-Regular.ttf in Resources */,
				2B870D952606512200C47105 /* LaunchScreen.storyboard in Resources */,
				2B870D922606512200C47105 /* Assets.xcassets in Resources */,
				884D817C260EA4D4003C7442 /* Ubuntu-Bold.ttf in Resources */,
				884D817B260EA4D4003C7442 /* Ubuntu-Light.ttf in Resources */,
				2B870D8D2606512200C47105 /* Main.storyboard in Resources */,
			);
			runOnlyForDeploymentPostprocessing = 0;
		};
		2B870D992606512300C47105 /* Resources */ = {
			isa = PBXResourcesBuildPhase;
			buildActionMask = 2147483647;
			files = (
			);
			runOnlyForDeploymentPostprocessing = 0;
		};
		2B870DA42606512300C47105 /* Resources */ = {
			isa = PBXResourcesBuildPhase;
			buildActionMask = 2147483647;
			files = (
			);
			runOnlyForDeploymentPostprocessing = 0;
		};
/* End PBXResourcesBuildPhase section */

/* Begin PBXShellScriptBuildPhase section */
		29910A0E728BB77BB4FF7712 /* [CP] Check Pods Manifest.lock */ = {
			isa = PBXShellScriptBuildPhase;
			buildActionMask = 2147483647;
			files = (
			);
			inputFileListPaths = (
			);
			inputPaths = (
				"${PODS_PODFILE_DIR_PATH}/Podfile.lock",
				"${PODS_ROOT}/Manifest.lock",
			);
			name = "[CP] Check Pods Manifest.lock";
			outputFileListPaths = (
			);
			outputPaths = (
				"$(DERIVED_FILE_DIR)/Pods-SportApplication-checkManifestLockResult.txt",
			);
			runOnlyForDeploymentPostprocessing = 0;
			shellPath = /bin/sh;
			shellScript = "diff \"${PODS_PODFILE_DIR_PATH}/Podfile.lock\" \"${PODS_ROOT}/Manifest.lock\" > /dev/null\nif [ $? != 0 ] ; then\n    # print error to STDERR\n    echo \"error: The sandbox is not in sync with the Podfile.lock. Run 'pod install' or update your CocoaPods installation.\" >&2\n    exit 1\nfi\n# This output is used by Xcode 'outputs' to avoid re-running this script phase.\necho \"SUCCESS\" > \"${SCRIPT_OUTPUT_FILE_0}\"\n";
			showEnvVarsInLog = 0;
		};
		72762BC9D9C021DC024BCB9A /* [CP] Check Pods Manifest.lock */ = {
			isa = PBXShellScriptBuildPhase;
			buildActionMask = 2147483647;
			files = (
			);
			inputFileListPaths = (
			);
			inputPaths = (
				"${PODS_PODFILE_DIR_PATH}/Podfile.lock",
				"${PODS_ROOT}/Manifest.lock",
			);
			name = "[CP] Check Pods Manifest.lock";
			outputFileListPaths = (
			);
			outputPaths = (
				"$(DERIVED_FILE_DIR)/Pods-SportApplication-SportApplicationUITests-checkManifestLockResult.txt",
			);
			runOnlyForDeploymentPostprocessing = 0;
			shellPath = /bin/sh;
			shellScript = "diff \"${PODS_PODFILE_DIR_PATH}/Podfile.lock\" \"${PODS_ROOT}/Manifest.lock\" > /dev/null\nif [ $? != 0 ] ; then\n    # print error to STDERR\n    echo \"error: The sandbox is not in sync with the Podfile.lock. Run 'pod install' or update your CocoaPods installation.\" >&2\n    exit 1\nfi\n# This output is used by Xcode 'outputs' to avoid re-running this script phase.\necho \"SUCCESS\" > \"${SCRIPT_OUTPUT_FILE_0}\"\n";
			showEnvVarsInLog = 0;
		};
		72B151D9941F028397357791 /* [CP] Embed Pods Frameworks */ = {
			isa = PBXShellScriptBuildPhase;
			buildActionMask = 2147483647;
			files = (
			);
			inputFileListPaths = (
				"${PODS_ROOT}/Target Support Files/Pods-SportApplication-SportApplicationUITests/Pods-SportApplication-SportApplicationUITests-frameworks-${CONFIGURATION}-input-files.xcfilelist",
			);
			name = "[CP] Embed Pods Frameworks";
			outputFileListPaths = (
				"${PODS_ROOT}/Target Support Files/Pods-SportApplication-SportApplicationUITests/Pods-SportApplication-SportApplicationUITests-frameworks-${CONFIGURATION}-output-files.xcfilelist",
			);
			runOnlyForDeploymentPostprocessing = 0;
			shellPath = /bin/sh;
			shellScript = "\"${PODS_ROOT}/Target Support Files/Pods-SportApplication-SportApplicationUITests/Pods-SportApplication-SportApplicationUITests-frameworks.sh\"\n";
			showEnvVarsInLog = 0;
		};
		78D8A29AC7253880B18F0726 /* [CP] Embed Pods Frameworks */ = {
			isa = PBXShellScriptBuildPhase;
			buildActionMask = 2147483647;
			files = (
			);
			inputFileListPaths = (
				"${PODS_ROOT}/Target Support Files/Pods-SportApplication/Pods-SportApplication-frameworks-${CONFIGURATION}-input-files.xcfilelist",
			);
			name = "[CP] Embed Pods Frameworks";
			outputFileListPaths = (
				"${PODS_ROOT}/Target Support Files/Pods-SportApplication/Pods-SportApplication-frameworks-${CONFIGURATION}-output-files.xcfilelist",
			);
			runOnlyForDeploymentPostprocessing = 0;
			shellPath = /bin/sh;
			shellScript = "\"${PODS_ROOT}/Target Support Files/Pods-SportApplication/Pods-SportApplication-frameworks.sh\"\n";
			showEnvVarsInLog = 0;
		};
		9A40FD6D95DF4BDFC6F8029C /* [CP] Check Pods Manifest.lock */ = {
			isa = PBXShellScriptBuildPhase;
			buildActionMask = 2147483647;
			files = (
			);
			inputFileListPaths = (
			);
			inputPaths = (
				"${PODS_PODFILE_DIR_PATH}/Podfile.lock",
				"${PODS_ROOT}/Manifest.lock",
			);
			name = "[CP] Check Pods Manifest.lock";
			outputFileListPaths = (
			);
			outputPaths = (
				"$(DERIVED_FILE_DIR)/Pods-SportApplicationTests-checkManifestLockResult.txt",
			);
			runOnlyForDeploymentPostprocessing = 0;
			shellPath = /bin/sh;
			shellScript = "diff \"${PODS_PODFILE_DIR_PATH}/Podfile.lock\" \"${PODS_ROOT}/Manifest.lock\" > /dev/null\nif [ $? != 0 ] ; then\n    # print error to STDERR\n    echo \"error: The sandbox is not in sync with the Podfile.lock. Run 'pod install' or update your CocoaPods installation.\" >&2\n    exit 1\nfi\n# This output is used by Xcode 'outputs' to avoid re-running this script phase.\necho \"SUCCESS\" > \"${SCRIPT_OUTPUT_FILE_0}\"\n";
			showEnvVarsInLog = 0;
		};
/* End PBXShellScriptBuildPhase section */

/* Begin PBXSourcesBuildPhase section */
		2B870D7E2606512200C47105 /* Sources */ = {
			isa = PBXSourcesBuildPhase;
			buildActionMask = 2147483647;
			files = (
				2B9CAEC926122E1600AE3BE8 /* LastEvent.swift in Sources */,
				884D8150260DFDC1003C7442 /* Legue.swift in Sources */,
				884D815E260E2733003C7442 /* LegueDetails.swift in Sources */,
				2B964C8126161BA500812EE0 /* CoreData.swift in Sources */,
				2BCC825926091BEC000EB543 /* HomeViewController+SportCollectionViewDelegates.swift in Sources */,
				2B88DB0B2613DA990001C80B /* ImagesTableViewCell.swift in Sources */,
				2BCA8496261126A900BA3FE8 /* LastEventTableViewCell.swift in Sources */,
				2B4D346B26151157009D60C4 /* FavoritePresenter.swift in Sources */,
				2BCA84A02611286F00BA3FE8 /* LeaguesDetailsViewController+LeaguesDetailsTableViewDelegets.swift in Sources */,
				2BCC82512609194B000EB543 /* MainColor.swift in Sources */,
				2B4D34662615082E009D60C4 /* FavoriteViewController+FavoriteLeagueTableViewDelegets.swift in Sources */,
				2BCA84AA26112D2400BA3FE8 /* UpcomingCollectionViewCell.swift in Sources */,
				885D55372610DC2200E1651A /* ActivityIndicator.swift in Sources */,
				884CB4FE2614002400C9D481 /* ImageViewExtensions.swift in Sources */,
				2B88DB162613E7A10001C80B /* ContactsTableViewCell.swift in Sources */,
				2B9CAEA62611E05500AE3BE8 /* LeagueDetailsPresenter.swift in Sources */,
				2BCA849B261126B700BA3FE8 /* TeamsTableViewCell.swift in Sources */,
				2BC8E354260D3B5E00719B96 /* LeaguesViewController+TableViewDelegates.swift in Sources */,
				2B870DEC2606656D00C47105 /* LeaguesDetailsViewController.swift in Sources */,
				2B88DAFD2613D9D30001C80B /* DescriptionTableViewCell.swift in Sources */,
				8807803E260CA84200432655 /* SportsPresenter.swift in Sources */,
				2BC8E34F260D3A8800719B96 /* LeagueViewTableViewCell.swift in Sources */,
				2B88DB1B2613F38D0001C80B /* TeamDetailsViewController+TeamTableViewDataDelegets.swift in Sources */,
				2B964C8926162D4900812EE0 /* SuperClass.swift in Sources */,
				2BCC825F26091C7F000EB543 /* SportCollectionViewCell.swift in Sources */,
				88D130B12611F40E00E650A7 /* APIMockService.swift in Sources */,
				88078073260D61AB00432655 /* LeguesPresenter.swift in Sources */,
				2B2FFDBA260AC3BE00B98699 /* SportModel.swift in Sources */,
				2B870DD826065DC400C47105 /* HomeViewController.swift in Sources */,
				2B2FFDBF260AC4ED00B98699 /* ApiURLs.swift in Sources */,
				2B870D902606512200C47105 /* SportApplication.xcdatamodeld in Sources */,
				884FF72C2615F55C007CE2D5 /* Alert.swift in Sources */,
				2BA253802610D1D100908E8D /* WebViewController.swift in Sources */,
				2B870D862606512200C47105 /* AppDelegate.swift in Sources */,
				2BCA84912611269600BA3FE8 /* UpcomingEventTableViewCell.swift in Sources */,
				2B9CAECE2612314B00AE3BE8 /* TeamDetails.swift in Sources */,
				2BCA84B426112D4F00BA3FE8 /* LastTableViewCell.swift in Sources */,
				2B870D882606512200C47105 /* SceneDelegate.swift in Sources */,
				88D130C62611FFAD00E650A7 /* CollectionViewExtentions.swift in Sources */,
				2B870DE72606650B00C47105 /* TeamDetailsViewController.swift in Sources */,
				2B870DD026065D8A00C47105 /* FavoriteViewController.swift in Sources */,
				2B2FFDAE260AC22C00B98699 /* ApiServices.swift in Sources */,
				2BCA84AF26112D3600BA3FE8 /* TeamCollectionViewCell.swift in Sources */,
				2B870DF12606659800C47105 /* LeaguesViewController.swift in Sources */,
				885721F7260F4FC900578E73 /* CountryLeague.swift in Sources */,
			);
			runOnlyForDeploymentPostprocessing = 0;
		};
		2B870D972606512300C47105 /* Sources */ = {
			isa = PBXSourcesBuildPhase;
			buildActionMask = 2147483647;
			files = (
				88D130B62611F75F00E650A7 /* APIServiceTest.swift in Sources */,
				2B870DA02606512300C47105 /* SportApplicationTests.swift in Sources */,
				88D130BE2611FD6200E650A7 /* CollectionViewsTest.swift in Sources */,
			);
			runOnlyForDeploymentPostprocessing = 0;
		};
		2B870DA22606512300C47105 /* Sources */ = {
			isa = PBXSourcesBuildPhase;
			buildActionMask = 2147483647;
			files = (
				2B870DAB2606512300C47105 /* SportApplicationUITests.swift in Sources */,
			);
			runOnlyForDeploymentPostprocessing = 0;
		};
/* End PBXSourcesBuildPhase section */

/* Begin PBXTargetDependency section */
		2B870D9D2606512300C47105 /* PBXTargetDependency */ = {
			isa = PBXTargetDependency;
			target = 2B870D812606512200C47105 /* SportApplication */;
			targetProxy = 2B870D9C2606512300C47105 /* PBXContainerItemProxy */;
		};
		2B870DA82606512300C47105 /* PBXTargetDependency */ = {
			isa = PBXTargetDependency;
			target = 2B870D812606512200C47105 /* SportApplication */;
			targetProxy = 2B870DA72606512300C47105 /* PBXContainerItemProxy */;
		};
/* End PBXTargetDependency section */

/* Begin PBXVariantGroup section */
		2B870D8B2606512200C47105 /* Main.storyboard */ = {
			isa = PBXVariantGroup;
			children = (
				2B870D8C2606512200C47105 /* Base */,
			);
			name = Main.storyboard;
			sourceTree = "<group>";
		};
		2B870D932606512200C47105 /* LaunchScreen.storyboard */ = {
			isa = PBXVariantGroup;
			children = (
				2B870D942606512200C47105 /* Base */,
			);
			name = LaunchScreen.storyboard;
			sourceTree = "<group>";
		};
/* End PBXVariantGroup section */

/* Begin XCBuildConfiguration section */
		2B870DAD2606512300C47105 /* Debug */ = {
			isa = XCBuildConfiguration;
			buildSettings = {
				ALWAYS_SEARCH_USER_PATHS = NO;
				CLANG_ANALYZER_NONNULL = YES;
				CLANG_ANALYZER_NUMBER_OBJECT_CONVERSION = YES_AGGRESSIVE;
				CLANG_CXX_LANGUAGE_STANDARD = "gnu++14";
				CLANG_CXX_LIBRARY = "libc++";
				CLANG_ENABLE_MODULES = YES;
				CLANG_ENABLE_OBJC_ARC = YES;
				CLANG_ENABLE_OBJC_WEAK = YES;
				CLANG_WARN_BLOCK_CAPTURE_AUTORELEASING = YES;
				CLANG_WARN_BOOL_CONVERSION = YES;
				CLANG_WARN_COMMA = YES;
				CLANG_WARN_CONSTANT_CONVERSION = YES;
				CLANG_WARN_DEPRECATED_OBJC_IMPLEMENTATIONS = YES;
				CLANG_WARN_DIRECT_OBJC_ISA_USAGE = YES_ERROR;
				CLANG_WARN_DOCUMENTATION_COMMENTS = YES;
				CLANG_WARN_EMPTY_BODY = YES;
				CLANG_WARN_ENUM_CONVERSION = YES;
				CLANG_WARN_INFINITE_RECURSION = YES;
				CLANG_WARN_INT_CONVERSION = YES;
				CLANG_WARN_NON_LITERAL_NULL_CONVERSION = YES;
				CLANG_WARN_OBJC_IMPLICIT_RETAIN_SELF = YES;
				CLANG_WARN_OBJC_LITERAL_CONVERSION = YES;
				CLANG_WARN_OBJC_ROOT_CLASS = YES_ERROR;
				CLANG_WARN_QUOTED_INCLUDE_IN_FRAMEWORK_HEADER = YES;
				CLANG_WARN_RANGE_LOOP_ANALYSIS = YES;
				CLANG_WARN_STRICT_PROTOTYPES = YES;
				CLANG_WARN_SUSPICIOUS_MOVE = YES;
				CLANG_WARN_UNGUARDED_AVAILABILITY = YES_AGGRESSIVE;
				CLANG_WARN_UNREACHABLE_CODE = YES;
				CLANG_WARN__DUPLICATE_METHOD_MATCH = YES;
				COPY_PHASE_STRIP = NO;
				DEBUG_INFORMATION_FORMAT = dwarf;
				ENABLE_STRICT_OBJC_MSGSEND = YES;
				ENABLE_TESTABILITY = YES;
				GCC_C_LANGUAGE_STANDARD = gnu11;
				GCC_DYNAMIC_NO_PIC = NO;
				GCC_NO_COMMON_BLOCKS = YES;
				GCC_OPTIMIZATION_LEVEL = 0;
				GCC_PREPROCESSOR_DEFINITIONS = (
					"DEBUG=1",
					"$(inherited)",
				);
				GCC_WARN_64_TO_32_BIT_CONVERSION = YES;
				GCC_WARN_ABOUT_RETURN_TYPE = YES_ERROR;
				GCC_WARN_UNDECLARED_SELECTOR = YES;
				GCC_WARN_UNINITIALIZED_AUTOS = YES_AGGRESSIVE;
				GCC_WARN_UNUSED_FUNCTION = YES;
				GCC_WARN_UNUSED_VARIABLE = YES;
				IPHONEOS_DEPLOYMENT_TARGET = 14.3;
				MTL_ENABLE_DEBUG_INFO = INCLUDE_SOURCE;
				MTL_FAST_MATH = YES;
				ONLY_ACTIVE_ARCH = YES;
				SDKROOT = iphoneos;
				SWIFT_ACTIVE_COMPILATION_CONDITIONS = DEBUG;
				SWIFT_OPTIMIZATION_LEVEL = "-Onone";
			};
			name = Debug;
		};
		2B870DAE2606512300C47105 /* Release */ = {
			isa = XCBuildConfiguration;
			buildSettings = {
				ALWAYS_SEARCH_USER_PATHS = NO;
				CLANG_ANALYZER_NONNULL = YES;
				CLANG_ANALYZER_NUMBER_OBJECT_CONVERSION = YES_AGGRESSIVE;
				CLANG_CXX_LANGUAGE_STANDARD = "gnu++14";
				CLANG_CXX_LIBRARY = "libc++";
				CLANG_ENABLE_MODULES = YES;
				CLANG_ENABLE_OBJC_ARC = YES;
				CLANG_ENABLE_OBJC_WEAK = YES;
				CLANG_WARN_BLOCK_CAPTURE_AUTORELEASING = YES;
				CLANG_WARN_BOOL_CONVERSION = YES;
				CLANG_WARN_COMMA = YES;
				CLANG_WARN_CONSTANT_CONVERSION = YES;
				CLANG_WARN_DEPRECATED_OBJC_IMPLEMENTATIONS = YES;
				CLANG_WARN_DIRECT_OBJC_ISA_USAGE = YES_ERROR;
				CLANG_WARN_DOCUMENTATION_COMMENTS = YES;
				CLANG_WARN_EMPTY_BODY = YES;
				CLANG_WARN_ENUM_CONVERSION = YES;
				CLANG_WARN_INFINITE_RECURSION = YES;
				CLANG_WARN_INT_CONVERSION = YES;
				CLANG_WARN_NON_LITERAL_NULL_CONVERSION = YES;
				CLANG_WARN_OBJC_IMPLICIT_RETAIN_SELF = YES;
				CLANG_WARN_OBJC_LITERAL_CONVERSION = YES;
				CLANG_WARN_OBJC_ROOT_CLASS = YES_ERROR;
				CLANG_WARN_QUOTED_INCLUDE_IN_FRAMEWORK_HEADER = YES;
				CLANG_WARN_RANGE_LOOP_ANALYSIS = YES;
				CLANG_WARN_STRICT_PROTOTYPES = YES;
				CLANG_WARN_SUSPICIOUS_MOVE = YES;
				CLANG_WARN_UNGUARDED_AVAILABILITY = YES_AGGRESSIVE;
				CLANG_WARN_UNREACHABLE_CODE = YES;
				CLANG_WARN__DUPLICATE_METHOD_MATCH = YES;
				COPY_PHASE_STRIP = NO;
				DEBUG_INFORMATION_FORMAT = "dwarf-with-dsym";
				ENABLE_NS_ASSERTIONS = NO;
				ENABLE_STRICT_OBJC_MSGSEND = YES;
				GCC_C_LANGUAGE_STANDARD = gnu11;
				GCC_NO_COMMON_BLOCKS = YES;
				GCC_WARN_64_TO_32_BIT_CONVERSION = YES;
				GCC_WARN_ABOUT_RETURN_TYPE = YES_ERROR;
				GCC_WARN_UNDECLARED_SELECTOR = YES;
				GCC_WARN_UNINITIALIZED_AUTOS = YES_AGGRESSIVE;
				GCC_WARN_UNUSED_FUNCTION = YES;
				GCC_WARN_UNUSED_VARIABLE = YES;
				IPHONEOS_DEPLOYMENT_TARGET = 14.3;
				MTL_ENABLE_DEBUG_INFO = NO;
				MTL_FAST_MATH = YES;
				SDKROOT = iphoneos;
				SWIFT_COMPILATION_MODE = wholemodule;
				SWIFT_OPTIMIZATION_LEVEL = "-O";
				VALIDATE_PRODUCT = YES;
			};
			name = Release;
		};
		2B870DB02606512300C47105 /* Debug */ = {
			isa = XCBuildConfiguration;
			baseConfigurationReference = FF0FC751B9747CF1D0338D77 /* Pods-SportApplication.debug.xcconfig */;
			buildSettings = {
				ASSETCATALOG_COMPILER_APPICON_NAME = AppIcon;
				ASSETCATALOG_COMPILER_GLOBAL_ACCENT_COLOR_NAME = AccentColor;
				CODE_SIGN_STYLE = Automatic;
				INFOPLIST_FILE = SportApplication/Info.plist;
				LD_RUNPATH_SEARCH_PATHS = (
					"$(inherited)",
					"@executable_path/Frameworks",
				);
				PRODUCT_BUNDLE_IDENTIFIER = com.hala.SportApplication;
				PRODUCT_NAME = "$(TARGET_NAME)";
				SWIFT_VERSION = 5.0;
				TARGETED_DEVICE_FAMILY = "1,2";
			};
			name = Debug;
		};
		2B870DB12606512300C47105 /* Release */ = {
			isa = XCBuildConfiguration;
			baseConfigurationReference = 24C201BCD7831C0456E629B6 /* Pods-SportApplication.release.xcconfig */;
			buildSettings = {
				ASSETCATALOG_COMPILER_APPICON_NAME = AppIcon;
				ASSETCATALOG_COMPILER_GLOBAL_ACCENT_COLOR_NAME = AccentColor;
				CODE_SIGN_STYLE = Automatic;
				INFOPLIST_FILE = SportApplication/Info.plist;
				LD_RUNPATH_SEARCH_PATHS = (
					"$(inherited)",
					"@executable_path/Frameworks",
				);
				PRODUCT_BUNDLE_IDENTIFIER = com.hala.SportApplication;
				PRODUCT_NAME = "$(TARGET_NAME)";
				SWIFT_VERSION = 5.0;
				TARGETED_DEVICE_FAMILY = "1,2";
			};
			name = Release;
		};
		2B870DB32606512300C47105 /* Debug */ = {
			isa = XCBuildConfiguration;
			baseConfigurationReference = 034061A7CE59F9B7C306B64D /* Pods-SportApplicationTests.debug.xcconfig */;
			buildSettings = {
				ALWAYS_EMBED_SWIFT_STANDARD_LIBRARIES = YES;
				BUNDLE_LOADER = "$(TEST_HOST)";
				CODE_SIGN_STYLE = Automatic;
				INFOPLIST_FILE = SportApplicationTests/Info.plist;
				IPHONEOS_DEPLOYMENT_TARGET = 14.3;
				LD_RUNPATH_SEARCH_PATHS = (
					"$(inherited)",
					"@executable_path/Frameworks",
					"@loader_path/Frameworks",
				);
				PRODUCT_BUNDLE_IDENTIFIER = com.hala.SportApplicationTests;
				PRODUCT_NAME = "$(TARGET_NAME)";
				SWIFT_VERSION = 5.0;
				TARGETED_DEVICE_FAMILY = "1,2";
				TEST_HOST = "$(BUILT_PRODUCTS_DIR)/SportApplication.app/SportApplication";
			};
			name = Debug;
		};
		2B870DB42606512300C47105 /* Release */ = {
			isa = XCBuildConfiguration;
			baseConfigurationReference = 50012E168F257DCF1ED51EDA /* Pods-SportApplicationTests.release.xcconfig */;
			buildSettings = {
				ALWAYS_EMBED_SWIFT_STANDARD_LIBRARIES = YES;
				BUNDLE_LOADER = "$(TEST_HOST)";
				CODE_SIGN_STYLE = Automatic;
				INFOPLIST_FILE = SportApplicationTests/Info.plist;
				IPHONEOS_DEPLOYMENT_TARGET = 14.3;
				LD_RUNPATH_SEARCH_PATHS = (
					"$(inherited)",
					"@executable_path/Frameworks",
					"@loader_path/Frameworks",
				);
				PRODUCT_BUNDLE_IDENTIFIER = com.hala.SportApplicationTests;
				PRODUCT_NAME = "$(TARGET_NAME)";
				SWIFT_VERSION = 5.0;
				TARGETED_DEVICE_FAMILY = "1,2";
				TEST_HOST = "$(BUILT_PRODUCTS_DIR)/SportApplication.app/SportApplication";
			};
			name = Release;
		};
		2B870DB62606512300C47105 /* Debug */ = {
			isa = XCBuildConfiguration;
			baseConfigurationReference = 2527E913794336147A8EE78B /* Pods-SportApplication-SportApplicationUITests.debug.xcconfig */;
			buildSettings = {
				ALWAYS_EMBED_SWIFT_STANDARD_LIBRARIES = YES;
				CODE_SIGN_STYLE = Automatic;
				INFOPLIST_FILE = SportApplicationUITests/Info.plist;
				LD_RUNPATH_SEARCH_PATHS = (
					"$(inherited)",
					"@executable_path/Frameworks",
					"@loader_path/Frameworks",
				);
				PRODUCT_BUNDLE_IDENTIFIER = com.hala.SportApplicationUITests;
				PRODUCT_NAME = "$(TARGET_NAME)";
				SWIFT_VERSION = 5.0;
				TARGETED_DEVICE_FAMILY = "1,2";
				TEST_TARGET_NAME = SportApplication;
			};
			name = Debug;
		};
		2B870DB72606512300C47105 /* Release */ = {
			isa = XCBuildConfiguration;
			baseConfigurationReference = 32ED5910DDBDE24A7B239F72 /* Pods-SportApplication-SportApplicationUITests.release.xcconfig */;
			buildSettings = {
				ALWAYS_EMBED_SWIFT_STANDARD_LIBRARIES = YES;
				CODE_SIGN_STYLE = Automatic;
				INFOPLIST_FILE = SportApplicationUITests/Info.plist;
				LD_RUNPATH_SEARCH_PATHS = (
					"$(inherited)",
					"@executable_path/Frameworks",
					"@loader_path/Frameworks",
				);
				PRODUCT_BUNDLE_IDENTIFIER = com.hala.SportApplicationUITests;
				PRODUCT_NAME = "$(TARGET_NAME)";
				SWIFT_VERSION = 5.0;
				TARGETED_DEVICE_FAMILY = "1,2";
				TEST_TARGET_NAME = SportApplication;
			};
			name = Release;
		};
/* End XCBuildConfiguration section */

/* Begin XCConfigurationList section */
		2B870D7D2606512200C47105 /* Build configuration list for PBXProject "SportApplication" */ = {
			isa = XCConfigurationList;
			buildConfigurations = (
				2B870DAD2606512300C47105 /* Debug */,
				2B870DAE2606512300C47105 /* Release */,
			);
			defaultConfigurationIsVisible = 0;
			defaultConfigurationName = Release;
		};
		2B870DAF2606512300C47105 /* Build configuration list for PBXNativeTarget "SportApplication" */ = {
			isa = XCConfigurationList;
			buildConfigurations = (
				2B870DB02606512300C47105 /* Debug */,
				2B870DB12606512300C47105 /* Release */,
			);
			defaultConfigurationIsVisible = 0;
			defaultConfigurationName = Release;
		};
		2B870DB22606512300C47105 /* Build configuration list for PBXNativeTarget "SportApplicationTests" */ = {
			isa = XCConfigurationList;
			buildConfigurations = (
				2B870DB32606512300C47105 /* Debug */,
				2B870DB42606512300C47105 /* Release */,
			);
			defaultConfigurationIsVisible = 0;
			defaultConfigurationName = Release;
		};
		2B870DB52606512300C47105 /* Build configuration list for PBXNativeTarget "SportApplicationUITests" */ = {
			isa = XCConfigurationList;
			buildConfigurations = (
				2B870DB62606512300C47105 /* Debug */,
				2B870DB72606512300C47105 /* Release */,
			);
			defaultConfigurationIsVisible = 0;
			defaultConfigurationName = Release;
		};
/* End XCConfigurationList section */

/* Begin XCVersionGroup section */
		2B870D8E2606512200C47105 /* SportApplication.xcdatamodeld */ = {
			isa = XCVersionGroup;
			children = (
				2B870D8F2606512200C47105 /* SportApplication.xcdatamodel */,
			);
			currentVersion = 2B870D8F2606512200C47105 /* SportApplication.xcdatamodel */;
			path = SportApplication.xcdatamodeld;
			sourceTree = "<group>";
			versionGroupType = wrapper.xcdatamodel;
		};
/* End XCVersionGroup section */
	};
	rootObject = 2B870D7A2606512200C47105 /* Project object */;
}
