// !$*UTF8*$!
{
	archiveVersion = 1;
	classes = {
	};
	objectVersion = 50;
	objects = {

/* Begin PBXBuildFile section */
		2B870D862606512200C47105 /* AppDelegate.swift in Sources */ = {isa = PBXBuildFile; fileRef = 2B870D852606512200C47105 /* AppDelegate.swift */; };
		2B870D882606512200C47105 /* SceneDelegate.swift in Sources */ = {isa = PBXBuildFile; fileRef = 2B870D872606512200C47105 /* SceneDelegate.swift */; };
		2B870D8D2606512200C47105 /* Main.storyboard in Resources */ = {isa = PBXBuildFile; fileRef = 2B870D8B2606512200C47105 /* Main.storyboard */; };
		2B870D902606512200C47105 /* SportApplication.xcdatamodeld in Sources */ = {isa = PBXBuildFile; fileRef = 2B870D8E2606512200C47105 /* SportApplication.xcdatamodeld */; };
		2B870D922606512200C47105 /* Assets.xcassets in Resources */ = {isa = PBXBuildFile; fileRef = 2B870D912606512200C47105 /* Assets.xcassets */; };
		2B870D952606512200C47105 /* LaunchScreen.storyboard in Resources */ = {isa = PBXBuildFile; fileRef = 2B870D932606512200C47105 /* LaunchScreen.storyboard */; };
		2B870DA02606512300C47105 /* SportApplicationTests.swift in Sources */ = {isa = PBXBuildFile; fileRef = 2B870D9F2606512300C47105 /* SportApplicationTests.swift */; };
		2B870DAB2606512300C47105 /* SportApplicationUITests.swift in Sources */ = {isa = PBXBuildFile; fileRef = 2B870DAA2606512300C47105 /* SportApplicationUITests.swift */; };
		2B870DD026065D8A00C47105 /* FavoriteViewController.swift in Sources */ = {isa = PBXBuildFile; fileRef = 2B870DCF26065D8A00C47105 /* FavoriteViewController.swift */; };
		2B870DD826065DC400C47105 /* HomeViewController.swift in Sources */ = {isa = PBXBuildFile; fileRef = 2B870DD726065DC400C47105 /* HomeViewController.swift */; };
		2B870DDE26065E0500C47105 /* ChatViewController.swift in Sources */ = {isa = PBXBuildFile; fileRef = 2B870DDD26065E0500C47105 /* ChatViewController.swift */; };
		2B870DE72606650B00C47105 /* TeamDetailsViewController.swift in Sources */ = {isa = PBXBuildFile; fileRef = 2B870DE62606650B00C47105 /* TeamDetailsViewController.swift */; };
		2B870DEC2606656D00C47105 /* LeaguesDetailsViewController.swift in Sources */ = {isa = PBXBuildFile; fileRef = 2B870DEB2606656D00C47105 /* LeaguesDetailsViewController.swift */; };
		2B870DF12606659800C47105 /* LeaguesViewController.swift in Sources */ = {isa = PBXBuildFile; fileRef = 2B870DF02606659800C47105 /* LeaguesViewController.swift */; };
/* End PBXBuildFile section */

/* Begin PBXContainerItemProxy section */
		2B870D9C2606512300C47105 /* PBXContainerItemProxy */ = {
			isa = PBXContainerItemProxy;
			containerPortal = 2B870D7A2606512200C47105 /* Project object */;
			proxyType = 1;
			remoteGlobalIDString = 2B870D812606512200C47105;
			remoteInfo = SportApplication;
		};
		2B870DA72606512300C47105 /* PBXContainerItemProxy */ = {
			isa = PBXContainerItemProxy;
			containerPortal = 2B870D7A2606512200C47105 /* Project object */;
			proxyType = 1;
			remoteGlobalIDString = 2B870D812606512200C47105;
			remoteInfo = SportApplication;
		};
/* End PBXContainerItemProxy section */

/* Begin PBXFileReference section */
		2B870D822606512200C47105 /* SportApplication.app */ = {isa = PBXFileReference; explicitFileType = wrapper.application; includeInIndex = 0; path = SportApplication.app; sourceTree = BUILT_PRODUCTS_DIR; };
		2B870D852606512200C47105 /* AppDelegate.swift */ = {isa = PBXFileReference; lastKnownFileType = sourcecode.swift; path = AppDelegate.swift; sourceTree = "<group>"; };
		2B870D872606512200C47105 /* SceneDelegate.swift */ = {isa = PBXFileReference; lastKnownFileType = sourcecode.swift; path = SceneDelegate.swift; sourceTree = "<group>"; };
		2B870D8C2606512200C47105 /* Base */ = {isa = PBXFileReference; lastKnownFileType = file.storyboard; name = Base; path = Base.lproj/Main.storyboard; sourceTree = "<group>"; };
		2B870D8F2606512200C47105 /* SportApplication.xcdatamodel */ = {isa = PBXFileReference; lastKnownFileType = wrapper.xcdatamodel; path = SportApplication.xcdatamodel; sourceTree = "<group>"; };
		2B870D912606512200C47105 /* Assets.xcassets */ = {isa = PBXFileReference; lastKnownFileType = folder.assetcatalog; path = Assets.xcassets; sourceTree = "<group>"; };
		2B870D942606512200C47105 /* Base */ = {isa = PBXFileReference; lastKnownFileType = file.storyboard; name = Base; path = Base.lproj/LaunchScreen.storyboard; sourceTree = "<group>"; };
		2B870D962606512300C47105 /* Info.plist */ = {isa = PBXFileReference; lastKnownFileType = text.plist.xml; path = Info.plist; sourceTree = "<group>"; };
		2B870D9B2606512300C47105 /* SportApplicationTests.xctest */ = {isa = PBXFileReference; explicitFileType = wrapper.cfbundle; includeInIndex = 0; path = SportApplicationTests.xctest; sourceTree = BUILT_PRODUCTS_DIR; };
		2B870D9F2606512300C47105 /* SportApplicationTests.swift */ = {isa = PBXFileReference; lastKnownFileType = sourcecode.swift; path = SportApplicationTests.swift; sourceTree = "<group>"; };
		2B870DA12606512300C47105 /* Info.plist */ = {isa = PBXFileReference; lastKnownFileType = text.plist.xml; path = Info.plist; sourceTree = "<group>"; };
		2B870DA62606512300C47105 /* SportApplicationUITests.xctest */ = {isa = PBXFileReference; explicitFileType = wrapper.cfbundle; includeInIndex = 0; path = SportApplicationUITests.xctest; sourceTree = BUILT_PRODUCTS_DIR; };
		2B870DAA2606512300C47105 /* SportApplicationUITests.swift */ = {isa = PBXFileReference; lastKnownFileType = sourcecode.swift; path = SportApplicationUITests.swift; sourceTree = "<group>"; };
		2B870DAC2606512300C47105 /* Info.plist */ = {isa = PBXFileReference; lastKnownFileType = text.plist.xml; path = Info.plist; sourceTree = "<group>"; };
		2B870DCF26065D8A00C47105 /* FavoriteViewController.swift */ = {isa = PBXFileReference; lastKnownFileType = sourcecode.swift; path = FavoriteViewController.swift; sourceTree = "<group>"; };
		2B870DD726065DC400C47105 /* HomeViewController.swift */ = {isa = PBXFileReference; lastKnownFileType = sourcecode.swift; path = HomeViewController.swift; sourceTree = "<group>"; };
		2B870DDD26065E0500C47105 /* ChatViewController.swift */ = {isa = PBXFileReference; lastKnownFileType = sourcecode.swift; path = ChatViewController.swift; sourceTree = "<group>"; };
		2B870DE62606650B00C47105 /* TeamDetailsViewController.swift */ = {isa = PBXFileReference; lastKnownFileType = sourcecode.swift; path = TeamDetailsViewController.swift; sourceTree = "<group>"; };
		2B870DEB2606656D00C47105 /* LeaguesDetailsViewController.swift */ = {isa = PBXFileReference; lastKnownFileType = sourcecode.swift; path = LeaguesDetailsViewController.swift; sourceTree = "<group>"; };
		2B870DF02606659800C47105 /* LeaguesViewController.swift */ = {isa = PBXFileReference; lastKnownFileType = sourcecode.swift; path = LeaguesViewController.swift; sourceTree = "<group>"; };
/* End PBXFileReference section */

/* Begin PBXFrameworksBuildPhase section */
		2B870D7F2606512200C47105 /* Frameworks */ = {
			isa = PBXFrameworksBuildPhase;
			buildActionMask = 2147483647;
			files = (
			);
			runOnlyForDeploymentPostprocessing = 0;
		};
		2B870D982606512300C47105 /* Frameworks */ = {
			isa = PBXFrameworksBuildPhase;
			buildActionMask = 2147483647;
			files = (
			);
			runOnlyForDeploymentPostprocessing = 0;
		};
		2B870DA32606512300C47105 /* Frameworks */ = {
			isa = PBXFrameworksBuildPhase;
			buildActionMask = 2147483647;
			files = (
			);
			runOnlyForDeploymentPostprocessing = 0;
		};
/* End PBXFrameworksBuildPhase section */

/* Begin PBXGroup section */
		2B870D792606512200C47105 = {
			isa = PBXGroup;
			children = (
				2B870D842606512200C47105 /* SportApplication */,
				2B870D9E2606512300C47105 /* SportApplicationTests */,
				2B870DA92606512300C47105 /* SportApplicationUITests */,
				2B870D832606512200C47105 /* Products */,
			);
			sourceTree = "<group>";
		};
		2B870D832606512200C47105 /* Products */ = {
			isa = PBXGroup;
			children = (
				2B870D822606512200C47105 /* SportApplication.app */,
				2B870D9B2606512300C47105 /* SportApplicationTests.xctest */,
				2B870DA62606512300C47105 /* SportApplicationUITests.xctest */,
			);
			name = Products;
			sourceTree = "<group>";
		};
		2B870D842606512200C47105 /* SportApplication */ = {
			isa = PBXGroup;
			children = (
				2B870DBF2606518400C47105 /* Assets */,
				2B870DBE2606516F00C47105 /* Others */,
				2B870DBD2606514E00C47105 /* Models */,
				2B870DBC2606514400C47105 /* Controllers */,
				2B870DBB2606513700C47105 /* Views */,
				2B870D962606512300C47105 /* Info.plist */,
				2B870D8E2606512200C47105 /* SportApplication.xcdatamodeld */,
			);
			path = SportApplication;
			sourceTree = "<group>";
		};
		2B870D9E2606512300C47105 /* SportApplicationTests */ = {
			isa = PBXGroup;
			children = (
				2B870D9F2606512300C47105 /* SportApplicationTests.swift */,
				2B870DA12606512300C47105 /* Info.plist */,
			);
			path = SportApplicationTests;
			sourceTree = "<group>";
		};
		2B870DA92606512300C47105 /* SportApplicationUITests */ = {
			isa = PBXGroup;
			children = (
				2B870DAA2606512300C47105 /* SportApplicationUITests.swift */,
				2B870DAC2606512300C47105 /* Info.plist */,
			);
			path = SportApplicationUITests;
			sourceTree = "<group>";
		};
		2B870DBB2606513700C47105 /* Views */ = {
			isa = PBXGroup;
			children = (
				2B870DE22606623300C47105 /* Authontication */,
				2B870D8B2606512200C47105 /* Main.storyboard */,
				2B870D932606512200C47105 /* LaunchScreen.storyboard */,
			);
			path = Views;
			sourceTree = "<group>";
		};
		2B870DBC2606514400C47105 /* Controllers */ = {
			isa = PBXGroup;
			children = (
				2B870DDC26065DE600C47105 /* Chat Controller */,
				2B870DCB2606570B00C47105 /* Team Details Controller */,
				2B870DCA260656F700C47105 /* Leagues Details Controller */,
				2B870DC92606561500C47105 /* Favorite Controller */,
				2B870DC82606560600C47105 /* Home Controller */,
				2B870DC7260655E100C47105 /* Leagues Controller */,
			);
			path = Controllers;
			sourceTree = "<group>";
		};
		2B870DBD2606514E00C47105 /* Models */ = {
			isa = PBXGroup;
			children = (
			);
			path = Models;
			sourceTree = "<group>";
		};
		2B870DBE2606516F00C47105 /* Others */ = {
			isa = PBXGroup;
			children = (
				2B870D852606512200C47105 /* AppDelegate.swift */,
				2B870D872606512200C47105 /* SceneDelegate.swift */,
			);
			path = Others;
			sourceTree = "<group>";
		};
		2B870DBF2606518400C47105 /* Assets */ = {
			isa = PBXGroup;
			children = (
				2B870D912606512200C47105 /* Assets.xcassets */,
			);
			path = Assets;
			sourceTree = "<group>";
		};
		2B870DC7260655E100C47105 /* Leagues Controller */ = {
			isa = PBXGroup;
			children = (
				2B870DF02606659800C47105 /* LeaguesViewController.swift */,
			);
			path = "Leagues Controller";
			sourceTree = "<group>";
		};
		2B870DC82606560600C47105 /* Home Controller */ = {
			isa = PBXGroup;
			children = (
				2B870DD726065DC400C47105 /* HomeViewController.swift */,
			);
			path = "Home Controller";
			sourceTree = "<group>";
		};
		2B870DC92606561500C47105 /* Favorite Controller */ = {
			isa = PBXGroup;
			children = (
				2B870DCF26065D8A00C47105 /* FavoriteViewController.swift */,
			);
			path = "Favorite Controller";
			sourceTree = "<group>";
		};
		2B870DCA260656F700C47105 /* Leagues Details Controller */ = {
			isa = PBXGroup;
			children = (
				2B870DEB2606656D00C47105 /* LeaguesDetailsViewController.swift */,
			);
			path = "Leagues Details Controller";
			sourceTree = "<group>";
		};
		2B870DCB2606570B00C47105 /* Team Details Controller */ = {
			isa = PBXGroup;
			children = (
				2B870DE62606650B00C47105 /* TeamDetailsViewController.swift */,
			);
			path = "Team Details Controller";
			sourceTree = "<group>";
		};
		2B870DDC26065DE600C47105 /* Chat Controller */ = {
			isa = PBXGroup;
			children = (
				2B870DDD26065E0500C47105 /* ChatViewController.swift */,
			);
			path = "Chat Controller";
			sourceTree = "<group>";
		};
		2B870DE22606623300C47105 /* Authontication */ = {
			isa = PBXGroup;
			children = (
			);
			path = Authontication;
			sourceTree = "<group>";
		};
/* End PBXGroup section */

/* Begin PBXNativeTarget section */
		2B870D812606512200C47105 /* SportApplication */ = {
			isa = PBXNativeTarget;
			buildConfigurationList = 2B870DAF2606512300C47105 /* Build configuration list for PBXNativeTarget "SportApplication" */;
			buildPhases = (
				2B870D7E2606512200C47105 /* Sources */,
				2B870D7F2606512200C47105 /* Frameworks */,
				2B870D802606512200C47105 /* Resources */,
			);
			buildRules = (
			);
			dependencies = (
			);
			name = SportApplication;
			productName = SportApplication;
			productReference = 2B870D822606512200C47105 /* SportApplication.app */;
			productType = "com.apple.product-type.application";
		};
		2B870D9A2606512300C47105 /* SportApplicationTests */ = {
			isa = PBXNativeTarget;
			buildConfigurationList = 2B870DB22606512300C47105 /* Build configuration list for PBXNativeTarget "SportApplicationTests" */;
			buildPhases = (
				2B870D972606512300C47105 /* Sources */,
				2B870D982606512300C47105 /* Frameworks */,
				2B870D992606512300C47105 /* Resources */,
			);
			buildRules = (
			);
			dependencies = (
				2B870D9D2606512300C47105 /* PBXTargetDependency */,
			);
			name = SportApplicationTests;
			productName = SportApplicationTests;
			productReference = 2B870D9B2606512300C47105 /* SportApplicationTests.xctest */;
			productType = "com.apple.product-type.bundle.unit-test";
		};
		2B870DA52606512300C47105 /* SportApplicationUITests */ = {
			isa = PBXNativeTarget;
			buildConfigurationList = 2B870DB52606512300C47105 /* Build configuration list for PBXNativeTarget "SportApplicationUITests" */;
			buildPhases = (
				2B870DA22606512300C47105 /* Sources */,
				2B870DA32606512300C47105 /* Frameworks */,
				2B870DA42606512300C47105 /* Resources */,
			);
			buildRules = (
			);
			dependencies = (
				2B870DA82606512300C47105 /* PBXTargetDependency */,
			);
			name = SportApplicationUITests;
			productName = SportApplicationUITests;
			productReference = 2B870DA62606512300C47105 /* SportApplicationUITests.xctest */;
			productType = "com.apple.product-type.bundle.ui-testing";
		};
/* End PBXNativeTarget section */

/* Begin PBXProject section */
		2B870D7A2606512200C47105 /* Project object */ = {
			isa = PBXProject;
			attributes = {
				LastSwiftUpdateCheck = 1230;
				LastUpgradeCheck = 1230;
				TargetAttributes = {
					2B870D812606512200C47105 = {
						CreatedOnToolsVersion = 12.3;
					};
					2B870D9A2606512300C47105 = {
						CreatedOnToolsVersion = 12.3;
						TestTargetID = 2B870D812606512200C47105;
					};
					2B870DA52606512300C47105 = {
						CreatedOnToolsVersion = 12.3;
						TestTargetID = 2B870D812606512200C47105;
					};
				};
			};
			buildConfigurationList = 2B870D7D2606512200C47105 /* Build configuration list for PBXProject "SportApplication" */;
			compatibilityVersion = "Xcode 9.3";
			developmentRegion = en;
			hasScannedForEncodings = 0;
			knownRegions = (
				en,
				Base,
			);
			mainGroup = 2B870D792606512200C47105;
			productRefGroup = 2B870D832606512200C47105 /* Products */;
			projectDirPath = "";
			projectRoot = "";
			targets = (
				2B870D812606512200C47105 /* SportApplication */,
				2B870D9A2606512300C47105 /* SportApplicationTests */,
				2B870DA52606512300C47105 /* SportApplicationUITests */,
			);
		};
/* End PBXProject section */

/* Begin PBXResourcesBuildPhase section */
		2B870D802606512200C47105 /* Resources */ = {
			isa = PBXResourcesBuildPhase;
			buildActionMask = 2147483647;
			files = (
				2B870D952606512200C47105 /* LaunchScreen.storyboard in Resources */,
				2B870D922606512200C47105 /* Assets.xcassets in Resources */,
				2B870D8D2606512200C47105 /* Main.storyboard in Resources */,
			);
			runOnlyForDeploymentPostprocessing = 0;
		};
		2B870D992606512300C47105 /* Resources */ = {
			isa = PBXResourcesBuildPhase;
			buildActionMask = 2147483647;
			files = (
			);
			runOnlyForDeploymentPostprocessing = 0;
		};
		2B870DA42606512300C47105 /* Resources */ = {
			isa = PBXResourcesBuildPhase;
			buildActionMask = 2147483647;
			files = (
			);
			runOnlyForDeploymentPostprocessing = 0;
		};
/* End PBXResourcesBuildPhase section */

/* Begin PBXSourcesBuildPhase section */
		2B870D7E2606512200C47105 /* Sources */ = {
			isa = PBXSourcesBuildPhase;
			buildActionMask = 2147483647;
			files = (
				2B870DEC2606656D00C47105 /* LeaguesDetailsViewController.swift in Sources */,
				2B870DD826065DC400C47105 /* HomeViewController.swift in Sources */,
				2B870D902606512200C47105 /* SportApplication.xcdatamodeld in Sources */,
				2B870D862606512200C47105 /* AppDelegate.swift in Sources */,
				2B870D882606512200C47105 /* SceneDelegate.swift in Sources */,
				2B870DDE26065E0500C47105 /* ChatViewController.swift in Sources */,
				2B870DE72606650B00C47105 /* TeamDetailsViewController.swift in Sources */,
				2B870DD026065D8A00C47105 /* FavoriteViewController.swift in Sources */,
				2B870DF12606659800C47105 /* LeaguesViewController.swift in Sources */,
			);
			runOnlyForDeploymentPostprocessing = 0;
		};
		2B870D972606512300C47105 /* Sources */ = {
			isa = PBXSourcesBuildPhase;
			buildActionMask = 2147483647;
			files = (
				2B870DA02606512300C47105 /* SportApplicationTests.swift in Sources */,
			);
			runOnlyForDeploymentPostprocessing = 0;
		};
		2B870DA22606512300C47105 /* Sources */ = {
			isa = PBXSourcesBuildPhase;
			buildActionMask = 2147483647;
			files = (
				2B870DAB2606512300C47105 /* SportApplicationUITests.swift in Sources */,
			);
			runOnlyForDeploymentPostprocessing = 0;
		};
/* End PBXSourcesBuildPhase section */

/* Begin PBXTargetDependency section */
		2B870D9D2606512300C47105 /* PBXTargetDependency */ = {
			isa = PBXTargetDependency;
			target = 2B870D812606512200C47105 /* SportApplication */;
			targetProxy = 2B870D9C2606512300C47105 /* PBXContainerItemProxy */;
		};
		2B870DA82606512300C47105 /* PBXTargetDependency */ = {
			isa = PBXTargetDependency;
			target = 2B870D812606512200C47105 /* SportApplication */;
			targetProxy = 2B870DA72606512300C47105 /* PBXContainerItemProxy */;
		};
/* End PBXTargetDependency section */

/* Begin PBXVariantGroup section */
		2B870D8B2606512200C47105 /* Main.storyboard */ = {
			isa = PBXVariantGroup;
			children = (
				2B870D8C2606512200C47105 /* Base */,
			);
			name = Main.storyboard;
			sourceTree = "<group>";
		};
		2B870D932606512200C47105 /* LaunchScreen.storyboard */ = {
			isa = PBXVariantGroup;
			children = (
				2B870D942606512200C47105 /* Base */,
			);
			name = LaunchScreen.storyboard;
			sourceTree = "<group>";
		};
/* End PBXVariantGroup section */

/* Begin XCBuildConfiguration section */
		2B870DAD2606512300C47105 /* Debug */ = {
			isa = XCBuildConfiguration;
			buildSettings = {
				ALWAYS_SEARCH_USER_PATHS = NO;
				CLANG_ANALYZER_NONNULL = YES;
				CLANG_ANALYZER_NUMBER_OBJECT_CONVERSION = YES_AGGRESSIVE;
				CLANG_CXX_LANGUAGE_STANDARD = "gnu++14";
				CLANG_CXX_LIBRARY = "libc++";
				CLANG_ENABLE_MODULES = YES;
				CLANG_ENABLE_OBJC_ARC = YES;
				CLANG_ENABLE_OBJC_WEAK = YES;
				CLANG_WARN_BLOCK_CAPTURE_AUTORELEASING = YES;
				CLANG_WARN_BOOL_CONVERSION = YES;
				CLANG_WARN_COMMA = YES;
				CLANG_WARN_CONSTANT_CONVERSION = YES;
				CLANG_WARN_DEPRECATED_OBJC_IMPLEMENTATIONS = YES;
				CLANG_WARN_DIRECT_OBJC_ISA_USAGE = YES_ERROR;
				CLANG_WARN_DOCUMENTATION_COMMENTS = YES;
				CLANG_WARN_EMPTY_BODY = YES;
				CLANG_WARN_ENUM_CONVERSION = YES;
				CLANG_WARN_INFINITE_RECURSION = YES;
				CLANG_WARN_INT_CONVERSION = YES;
				CLANG_WARN_NON_LITERAL_NULL_CONVERSION = YES;
				CLANG_WARN_OBJC_IMPLICIT_RETAIN_SELF = YES;
				CLANG_WARN_OBJC_LITERAL_CONVERSION = YES;
				CLANG_WARN_OBJC_ROOT_CLASS = YES_ERROR;
				CLANG_WARN_QUOTED_INCLUDE_IN_FRAMEWORK_HEADER = YES;
				CLANG_WARN_RANGE_LOOP_ANALYSIS = YES;
				CLANG_WARN_STRICT_PROTOTYPES = YES;
				CLANG_WARN_SUSPICIOUS_MOVE = YES;
				CLANG_WARN_UNGUARDED_AVAILABILITY = YES_AGGRESSIVE;
				CLANG_WARN_UNREACHABLE_CODE = YES;
				CLANG_WARN__DUPLICATE_METHOD_MATCH = YES;
				COPY_PHASE_STRIP = NO;
				DEBUG_INFORMATION_FORMAT = dwarf;
				ENABLE_STRICT_OBJC_MSGSEND = YES;
				ENABLE_TESTABILITY = YES;
				GCC_C_LANGUAGE_STANDARD = gnu11;
				GCC_DYNAMIC_NO_PIC = NO;
				GCC_NO_COMMON_BLOCKS = YES;
				GCC_OPTIMIZATION_LEVEL = 0;
				GCC_PREPROCESSOR_DEFINITIONS = (
					"DEBUG=1",
					"$(inherited)",
				);
				GCC_WARN_64_TO_32_BIT_CONVERSION = YES;
				GCC_WARN_ABOUT_RETURN_TYPE = YES_ERROR;
				GCC_WARN_UNDECLARED_SELECTOR = YES;
				GCC_WARN_UNINITIALIZED_AUTOS = YES_AGGRESSIVE;
				GCC_WARN_UNUSED_FUNCTION = YES;
				GCC_WARN_UNUSED_VARIABLE = YES;
				IPHONEOS_DEPLOYMENT_TARGET = 14.3;
				MTL_ENABLE_DEBUG_INFO = INCLUDE_SOURCE;
				MTL_FAST_MATH = YES;
				ONLY_ACTIVE_ARCH = YES;
				SDKROOT = iphoneos;
				SWIFT_ACTIVE_COMPILATION_CONDITIONS = DEBUG;
				SWIFT_OPTIMIZATION_LEVEL = "-Onone";
			};
			name = Debug;
		};
		2B870DAE2606512300C47105 /* Release */ = {
			isa = XCBuildConfiguration;
			buildSettings = {
				ALWAYS_SEARCH_USER_PATHS = NO;
				CLANG_ANALYZER_NONNULL = YES;
				CLANG_ANALYZER_NUMBER_OBJECT_CONVERSION = YES_AGGRESSIVE;
				CLANG_CXX_LANGUAGE_STANDARD = "gnu++14";
				CLANG_CXX_LIBRARY = "libc++";
				CLANG_ENABLE_MODULES = YES;
				CLANG_ENABLE_OBJC_ARC = YES;
				CLANG_ENABLE_OBJC_WEAK = YES;
				CLANG_WARN_BLOCK_CAPTURE_AUTORELEASING = YES;
				CLANG_WARN_BOOL_CONVERSION = YES;
				CLANG_WARN_COMMA = YES;
				CLANG_WARN_CONSTANT_CONVERSION = YES;
				CLANG_WARN_DEPRECATED_OBJC_IMPLEMENTATIONS = YES;
				CLANG_WARN_DIRECT_OBJC_ISA_USAGE = YES_ERROR;
				CLANG_WARN_DOCUMENTATION_COMMENTS = YES;
				CLANG_WARN_EMPTY_BODY = YES;
				CLANG_WARN_ENUM_CONVERSION = YES;
				CLANG_WARN_INFINITE_RECURSION = YES;
				CLANG_WARN_INT_CONVERSION = YES;
				CLANG_WARN_NON_LITERAL_NULL_CONVERSION = YES;
				CLANG_WARN_OBJC_IMPLICIT_RETAIN_SELF = YES;
				CLANG_WARN_OBJC_LITERAL_CONVERSION = YES;
				CLANG_WARN_OBJC_ROOT_CLASS = YES_ERROR;
				CLANG_WARN_QUOTED_INCLUDE_IN_FRAMEWORK_HEADER = YES;
				CLANG_WARN_RANGE_LOOP_ANALYSIS = YES;
				CLANG_WARN_STRICT_PROTOTYPES = YES;
				CLANG_WARN_SUSPICIOUS_MOVE = YES;
				CLANG_WARN_UNGUARDED_AVAILABILITY = YES_AGGRESSIVE;
				CLANG_WARN_UNREACHABLE_CODE = YES;
				CLANG_WARN__DUPLICATE_METHOD_MATCH = YES;
				COPY_PHASE_STRIP = NO;
				DEBUG_INFORMATION_FORMAT = "dwarf-with-dsym";
				ENABLE_NS_ASSERTIONS = NO;
				ENABLE_STRICT_OBJC_MSGSEND = YES;
				GCC_C_LANGUAGE_STANDARD = gnu11;
				GCC_NO_COMMON_BLOCKS = YES;
				GCC_WARN_64_TO_32_BIT_CONVERSION = YES;
				GCC_WARN_ABOUT_RETURN_TYPE = YES_ERROR;
				GCC_WARN_UNDECLARED_SELECTOR = YES;
				GCC_WARN_UNINITIALIZED_AUTOS = YES_AGGRESSIVE;
				GCC_WARN_UNUSED_FUNCTION = YES;
				GCC_WARN_UNUSED_VARIABLE = YES;
				IPHONEOS_DEPLOYMENT_TARGET = 14.3;
				MTL_ENABLE_DEBUG_INFO = NO;
				MTL_FAST_MATH = YES;
				SDKROOT = iphoneos;
				SWIFT_COMPILATION_MODE = wholemodule;
				SWIFT_OPTIMIZATION_LEVEL = "-O";
				VALIDATE_PRODUCT = YES;
			};
			name = Release;
		};
		2B870DB02606512300C47105 /* Debug */ = {
			isa = XCBuildConfiguration;
			buildSettings = {
				ASSETCATALOG_COMPILER_APPICON_NAME = AppIcon;
				ASSETCATALOG_COMPILER_GLOBAL_ACCENT_COLOR_NAME = AccentColor;
				CODE_SIGN_STYLE = Automatic;
				INFOPLIST_FILE = SportApplication/Info.plist;
				LD_RUNPATH_SEARCH_PATHS = (
					"$(inherited)",
					"@executable_path/Frameworks",
				);
				PRODUCT_BUNDLE_IDENTIFIER = com.hala.SportApplication;
				PRODUCT_NAME = "$(TARGET_NAME)";
				SWIFT_VERSION = 5.0;
				TARGETED_DEVICE_FAMILY = "1,2";
			};
			name = Debug;
		};
		2B870DB12606512300C47105 /* Release */ = {
			isa = XCBuildConfiguration;
			buildSettings = {
				ASSETCATALOG_COMPILER_APPICON_NAME = AppIcon;
				ASSETCATALOG_COMPILER_GLOBAL_ACCENT_COLOR_NAME = AccentColor;
				CODE_SIGN_STYLE = Automatic;
				INFOPLIST_FILE = SportApplication/Info.plist;
				LD_RUNPATH_SEARCH_PATHS = (
					"$(inherited)",
					"@executable_path/Frameworks",
				);
				PRODUCT_BUNDLE_IDENTIFIER = com.hala.SportApplication;
				PRODUCT_NAME = "$(TARGET_NAME)";
				SWIFT_VERSION = 5.0;
				TARGETED_DEVICE_FAMILY = "1,2";
			};
			name = Release;
		};
		2B870DB32606512300C47105 /* Debug */ = {
			isa = XCBuildConfiguration;
			buildSettings = {
				ALWAYS_EMBED_SWIFT_STANDARD_LIBRARIES = YES;
				BUNDLE_LOADER = "$(TEST_HOST)";
				CODE_SIGN_STYLE = Automatic;
				INFOPLIST_FILE = SportApplicationTests/Info.plist;
				IPHONEOS_DEPLOYMENT_TARGET = 14.3;
				LD_RUNPATH_SEARCH_PATHS = (
					"$(inherited)",
					"@executable_path/Frameworks",
					"@loader_path/Frameworks",
				);
				PRODUCT_BUNDLE_IDENTIFIER = com.hala.SportApplicationTests;
				PRODUCT_NAME = "$(TARGET_NAME)";
				SWIFT_VERSION = 5.0;
				TARGETED_DEVICE_FAMILY = "1,2";
				TEST_HOST = "$(BUILT_PRODUCTS_DIR)/SportApplication.app/SportApplication";
			};
			name = Debug;
		};
		2B870DB42606512300C47105 /* Release */ = {
			isa = XCBuildConfiguration;
			buildSettings = {
				ALWAYS_EMBED_SWIFT_STANDARD_LIBRARIES = YES;
				BUNDLE_LOADER = "$(TEST_HOST)";
				CODE_SIGN_STYLE = Automatic;
				INFOPLIST_FILE = SportApplicationTests/Info.plist;
				IPHONEOS_DEPLOYMENT_TARGET = 14.3;
				LD_RUNPATH_SEARCH_PATHS = (
					"$(inherited)",
					"@executable_path/Frameworks",
					"@loader_path/Frameworks",
				);
				PRODUCT_BUNDLE_IDENTIFIER = com.hala.SportApplicationTests;
				PRODUCT_NAME = "$(TARGET_NAME)";
				SWIFT_VERSION = 5.0;
				TARGETED_DEVICE_FAMILY = "1,2";
				TEST_HOST = "$(BUILT_PRODUCTS_DIR)/SportApplication.app/SportApplication";
			};
			name = Release;
		};
		2B870DB62606512300C47105 /* Debug */ = {
			isa = XCBuildConfiguration;
			buildSettings = {
				ALWAYS_EMBED_SWIFT_STANDARD_LIBRARIES = YES;
				CODE_SIGN_STYLE = Automatic;
				INFOPLIST_FILE = SportApplicationUITests/Info.plist;
				LD_RUNPATH_SEARCH_PATHS = (
					"$(inherited)",
					"@executable_path/Frameworks",
					"@loader_path/Frameworks",
				);
				PRODUCT_BUNDLE_IDENTIFIER = com.hala.SportApplicationUITests;
				PRODUCT_NAME = "$(TARGET_NAME)";
				SWIFT_VERSION = 5.0;
				TARGETED_DEVICE_FAMILY = "1,2";
				TEST_TARGET_NAME = SportApplication;
			};
			name = Debug;
		};
		2B870DB72606512300C47105 /* Release */ = {
			isa = XCBuildConfiguration;
			buildSettings = {
				ALWAYS_EMBED_SWIFT_STANDARD_LIBRARIES = YES;
				CODE_SIGN_STYLE = Automatic;
				INFOPLIST_FILE = SportApplicationUITests/Info.plist;
				LD_RUNPATH_SEARCH_PATHS = (
					"$(inherited)",
					"@executable_path/Frameworks",
					"@loader_path/Frameworks",
				);
				PRODUCT_BUNDLE_IDENTIFIER = com.hala.SportApplicationUITests;
				PRODUCT_NAME = "$(TARGET_NAME)";
				SWIFT_VERSION = 5.0;
				TARGETED_DEVICE_FAMILY = "1,2";
				TEST_TARGET_NAME = SportApplication;
			};
			name = Release;
		};
/* End XCBuildConfiguration section */

/* Begin XCConfigurationList section */
		2B870D7D2606512200C47105 /* Build configuration list for PBXProject "SportApplication" */ = {
			isa = XCConfigurationList;
			buildConfigurations = (
				2B870DAD2606512300C47105 /* Debug */,
				2B870DAE2606512300C47105 /* Release */,
			);
			defaultConfigurationIsVisible = 0;
			defaultConfigurationName = Release;
		};
		2B870DAF2606512300C47105 /* Build configuration list for PBXNativeTarget "SportApplication" */ = {
			isa = XCConfigurationList;
			buildConfigurations = (
				2B870DB02606512300C47105 /* Debug */,
				2B870DB12606512300C47105 /* Release */,
			);
			defaultConfigurationIsVisible = 0;
			defaultConfigurationName = Release;
		};
		2B870DB22606512300C47105 /* Build configuration list for PBXNativeTarget "SportApplicationTests" */ = {
			isa = XCConfigurationList;
			buildConfigurations = (
				2B870DB32606512300C47105 /* Debug */,
				2B870DB42606512300C47105 /* Release */,
			);
			defaultConfigurationIsVisible = 0;
			defaultConfigurationName = Release;
		};
		2B870DB52606512300C47105 /* Build configuration list for PBXNativeTarget "SportApplicationUITests" */ = {
			isa = XCConfigurationList;
			buildConfigurations = (
				2B870DB62606512300C47105 /* Debug */,
				2B870DB72606512300C47105 /* Release */,
			);
			defaultConfigurationIsVisible = 0;
			defaultConfigurationName = Release;
		};
/* End XCConfigurationList section */

/* Begin XCVersionGroup section */
		2B870D8E2606512200C47105 /* SportApplication.xcdatamodeld */ = {
			isa = XCVersionGroup;
			children = (
				2B870D8F2606512200C47105 /* SportApplication.xcdatamodel */,
			);
			currentVersion = 2B870D8F2606512200C47105 /* SportApplication.xcdatamodel */;
			path = SportApplication.xcdatamodeld;
			sourceTree = "<group>";
			versionGroupType = wrapper.xcdatamodel;
		};
/* End XCVersionGroup section */
	};
	rootObject = 2B870D7A2606512200C47105 /* Project object */;
}
